<?xml version="1.0" encoding="UTF-8" standalone="yes" ?>
<CodeBlocks_project_file>
	<FileVersion major="1" minor="6" />
	<Project>
		<Option title="Graduation1" />
		<Option pch_mode="2" />
		<Option compiler="gcc" />
		<Build>
			<Target title="Debug">
				<Option output="bin/Debug/CB Dennis toolbox1" prefix_auto="1" extension_auto="1" />
				<Option working_dir="C:/Graduation1/Example_Project" />
				<Option object_output="obj/Debug/" />
				<Option type="1" />
				<Option compiler="gcc" />
				<Compiler>
					<Add option="-g" />
				</Compiler>
			</Target>
			<Target title="Release">
				<Option output="bin/Release/CB Dennis toolbox1" prefix_auto="1" extension_auto="1" />
				<Option working_dir="C:/Graduation1/Example_Project" />
				<Option object_output="obj/Release/" />
				<Option type="1" />
				<Option compiler="gcc" />
				<Compiler>
					<Add option="-O2" />
				</Compiler>
				<Linker>
					<Add option="-s" />
				</Linker>
			</Target>
		</Build>
		<Compiler>
			<Add option="-Wall" />
			<Add option="-fexceptions" />
		</Compiler>
		<Unit filename="16_zoning_program/Results/0_design_1_stable.txt" />
		<Unit filename="16_zoning_program/Results/0_design_1_unstable.txt" />
		<Unit filename="16_zoning_program/Results/0_design_2_6_stable.txt" />
		<Unit filename="16_zoning_program/Results/0_design_2_6_unstable.txt" />
		<Unit filename="16_zoning_program/Results/0_design_2_9_stable.txt" />
		<Unit filename="16_zoning_program/Results/0_design_2_9_unstable.txt" />
		<Unit filename="16_zoning_program/Results/0_design_3_stable.txt" />
		<Unit filename="16_zoning_program/Results/0_design_3_unstable.txt" />
		<Unit filename="16_zoning_program/Results/0_design_4_stable.txt" />
		<Unit filename="16_zoning_program/Results/0_design_4_unstable.txt" />
		<Unit filename="16_zoning_program/Stabilize_1_L/Designs and settings/Design 1/MS_Input.txt" />
		<Unit filename="16_zoning_program/Stabilize_1_L/Designs and settings/Design 1/Unzoned/Zoning_Settings.txt" />
		<Unit filename="16_zoning_program/Stabilize_1_L/Designs and settings/Design 1/Zoned/Zoning_Settings.txt" />
		<Unit filename="16_zoning_program/Stabilize_1_L/Designs and settings/Design 2/MS_Input.txt" />
		<Unit filename="16_zoning_program/Stabilize_1_L/Designs and settings/Design 2/Span 6000/Unzoned/Zoning_Settings.txt" />
		<Unit filename="16_zoning_program/Stabilize_1_L/Designs and settings/Design 2/Span 6000/Zoned/Zoning_Settings.txt" />
		<Unit filename="16_zoning_program/Stabilize_1_L/Designs and settings/Design 2/Span 9000/Unzoned/Zoning_Settings.txt" />
		<Unit filename="16_zoning_program/Stabilize_1_L/Designs and settings/Design 2/Span 9000/Zoned/Zoning_Settings.txt" />
		<Unit filename="16_zoning_program/Stabilize_1_L/Designs and settings/Design 3/MS_Input.txt" />
		<Unit filename="16_zoning_program/Stabilize_1_L/Designs and settings/Design 3/Unzoned/Zoning_Settings.txt" />
		<Unit filename="16_zoning_program/Stabilize_1_L/Designs and settings/Design 3/Zoned/Zoning_Settings.txt" />
		<Unit filename="16_zoning_program/Stabilize_1_L/Designs and settings/Design 4/MS_Input.txt" />
		<Unit filename="16_zoning_program/Stabilize_1_L/Designs and settings/Design 4/Unzoned/Zoning_Settings.txt" />
		<Unit filename="16_zoning_program/Stabilize_1_L/Designs and settings/Design 4/Zoned/Zoning_Settings.txt" />
		<Unit filename="16_zoning_program/Stabilize_1_L/Designs and settings/Grammar_Settings.txt" />
		<Unit filename="16_zoning_program/Stabilize_1_L/MS_Input.txt" />
		<Unit filename="16_zoning_program/Stabilize_1_L/Makefile" />
		<Unit filename="16_zoning_program/Stabilize_1_L/SD_Line_Rules.hpp" />
		<Unit filename="16_zoning_program/Stabilize_1_L/Settings/Grammar_Settings.txt" />
		<Unit filename="16_zoning_program/Stabilize_1_L/Settings/SD_Settings.txt" />
		<Unit filename="16_zoning_program/Stabilize_1_L/Settings/Stabilize_Settings.txt" />
		<Unit filename="16_zoning_program/Stabilize_1_L/Settings/Zoning_Settings.txt" />
		<Unit filename="16_zoning_program/Stabilize_1_L/main.cpp">
			<Option compile="0" />
			<Option link="0" />
		</Unit>
		<Unit filename="16_zoning_program/Stabilize_1_L/main.exe" />
		<Unit filename="16_zoning_program/Stabilize_1_L/main.o" />
		<Unit filename="16_zoning_program/Stabilize_1_L/output.txt" />
		<Unit filename="16_zoning_program/Stabilize_1_L/zoning_stabilize_grammar" />
		<Unit filename="16_zoning_program/Stabilize_1_S/Designs and settings/Design 1/MS_Input.txt" />
		<Unit filename="16_zoning_program/Stabilize_1_S/Designs and settings/Design 1/Unzoned/Zoning_Settings.txt" />
		<Unit filename="16_zoning_program/Stabilize_1_S/Designs and settings/Design 1/Zoned/Zoning_Settings.txt" />
		<Unit filename="16_zoning_program/Stabilize_1_S/Designs and settings/Design 2/MS_Input.txt" />
		<Unit filename="16_zoning_program/Stabilize_1_S/Designs and settings/Design 2/Span 6000/Unzoned/Zoning_Settings.txt" />
		<Unit filename="16_zoning_program/Stabilize_1_S/Designs and settings/Design 2/Span 6000/Zoned/Zoning_Settings.txt" />
		<Unit filename="16_zoning_program/Stabilize_1_S/Designs and settings/Design 2/Span 9000/Unzoned/Zoning_Settings.txt" />
		<Unit filename="16_zoning_program/Stabilize_1_S/Designs and settings/Design 2/Span 9000/Zoned/Zoning_Settings.txt" />
		<Unit filename="16_zoning_program/Stabilize_1_S/Designs and settings/Design 3/MS_Input.txt" />
		<Unit filename="16_zoning_program/Stabilize_1_S/Designs and settings/Design 3/Unzoned/Zoning_Settings.txt" />
		<Unit filename="16_zoning_program/Stabilize_1_S/Designs and settings/Design 3/Zoned/Zoning_Settings.txt" />
		<Unit filename="16_zoning_program/Stabilize_1_S/Designs and settings/Design 4/MS_Input.txt" />
		<Unit filename="16_zoning_program/Stabilize_1_S/Designs and settings/Design 4/Unzoned/Zoning_Settings.txt" />
		<Unit filename="16_zoning_program/Stabilize_1_S/Designs and settings/Design 4/Zoned/Zoning_Settings.txt" />
		<Unit filename="16_zoning_program/Stabilize_1_S/Designs and settings/Grammar_Settings.txt" />
		<Unit filename="16_zoning_program/Stabilize_1_S/MS_Input.txt" />
		<Unit filename="16_zoning_program/Stabilize_1_S/Makefile" />
		<Unit filename="16_zoning_program/Stabilize_1_S/SD_Line_Rules.hpp" />
		<Unit filename="16_zoning_program/Stabilize_1_S/Settings/Grammar_Settings.txt" />
		<Unit filename="16_zoning_program/Stabilize_1_S/Settings/SD_Settings.txt" />
		<Unit filename="16_zoning_program/Stabilize_1_S/Settings/Stabilize_Settings.txt" />
		<Unit filename="16_zoning_program/Stabilize_1_S/Settings/Zoning_Settings.txt" />
		<Unit filename="16_zoning_program/Stabilize_1_S/main.cpp">
			<Option compile="0" />
			<Option link="0" />
		</Unit>
		<Unit filename="16_zoning_program/Stabilize_1_S/main.exe" />
		<Unit filename="16_zoning_program/Stabilize_1_S/main.o" />
		<Unit filename="16_zoning_program/Stabilize_1_S/output.txt" />
		<Unit filename="16_zoning_program/Stabilize_1_S/zoning_stabilize_grammar" />
		<Unit filename="16_zoning_program/Stabilize_1_W/Designs and settings/Design 1/MS_Input.txt" />
		<Unit filename="16_zoning_program/Stabilize_1_W/Designs and settings/Design 1/Unzoned/Zoning_Settings.txt" />
		<Unit filename="16_zoning_program/Stabilize_1_W/Designs and settings/Design 1/Zoned/Zoning_Settings.txt" />
		<Unit filename="16_zoning_program/Stabilize_1_W/Designs and settings/Design 2/MS_Input.txt" />
		<Unit filename="16_zoning_program/Stabilize_1_W/Designs and settings/Design 2/Span 6000/Unzoned/Zoning_Settings.txt" />
		<Unit filename="16_zoning_program/Stabilize_1_W/Designs and settings/Design 2/Span 6000/Zoned/Zoning_Settings.txt" />
		<Unit filename="16_zoning_program/Stabilize_1_W/Designs and settings/Design 2/Span 9000/Unzoned/Zoning_Settings.txt" />
		<Unit filename="16_zoning_program/Stabilize_1_W/Designs and settings/Design 2/Span 9000/Zoned/Zoning_Settings.txt" />
		<Unit filename="16_zoning_program/Stabilize_1_W/Designs and settings/Design 3/MS_Input.txt" />
		<Unit filename="16_zoning_program/Stabilize_1_W/Designs and settings/Design 3/Unzoned/Zoning_Settings.txt" />
		<Unit filename="16_zoning_program/Stabilize_1_W/Designs and settings/Design 3/Zoned/Zoning_Settings.txt" />
		<Unit filename="16_zoning_program/Stabilize_1_W/Designs and settings/Design 4/MS_Input.txt" />
		<Unit filename="16_zoning_program/Stabilize_1_W/Designs and settings/Design 4/Unzoned/Zoning_Settings.txt" />
		<Unit filename="16_zoning_program/Stabilize_1_W/Designs and settings/Design 4/Zoned/Zoning_Settings.txt" />
		<Unit filename="16_zoning_program/Stabilize_1_W/Designs and settings/Grammar_Settings.txt" />
		<Unit filename="16_zoning_program/Stabilize_1_W/MS_Input.txt" />
		<Unit filename="16_zoning_program/Stabilize_1_W/Makefile" />
		<Unit filename="16_zoning_program/Stabilize_1_W/SD_Line_Rules.hpp" />
		<Unit filename="16_zoning_program/Stabilize_1_W/Settings/Grammar_Settings.txt" />
		<Unit filename="16_zoning_program/Stabilize_1_W/Settings/SD_Settings.txt" />
		<Unit filename="16_zoning_program/Stabilize_1_W/Settings/Stabilize_Settings.txt" />
		<Unit filename="16_zoning_program/Stabilize_1_W/Settings/Zoning_Settings.txt" />
		<Unit filename="16_zoning_program/Stabilize_1_W/main.cpp">
			<Option compile="0" />
			<Option link="0" />
		</Unit>
		<Unit filename="16_zoning_program/Stabilize_1_W/main.exe" />
		<Unit filename="16_zoning_program/Stabilize_1_W/main.o" />
		<Unit filename="16_zoning_program/Stabilize_1_W/output.txt" />
		<Unit filename="16_zoning_program/Stabilize_1_W/zoning_stabilize_grammar" />
		<Unit filename="16_zoning_program/Stabilize_2_6m_L/Designs and settings/Design 1/MS_Input.txt" />
		<Unit filename="16_zoning_program/Stabilize_2_6m_L/Designs and settings/Design 1/Unzoned/Zoning_Settings.txt" />
		<Unit filename="16_zoning_program/Stabilize_2_6m_L/Designs and settings/Design 1/Zoned/Zoning_Settings.txt" />
		<Unit filename="16_zoning_program/Stabilize_2_6m_L/Designs and settings/Design 2/MS_Input.txt" />
		<Unit filename="16_zoning_program/Stabilize_2_6m_L/Designs and settings/Design 2/Span 6000/Unzoned/Zoning_Settings.txt" />
		<Unit filename="16_zoning_program/Stabilize_2_6m_L/Designs and settings/Design 2/Span 6000/Zoned/Zoning_Settings.txt" />
		<Unit filename="16_zoning_program/Stabilize_2_6m_L/Designs and settings/Design 2/Span 9000/Unzoned/Zoning_Settings.txt" />
		<Unit filename="16_zoning_program/Stabilize_2_6m_L/Designs and settings/Design 2/Span 9000/Zoned/Zoning_Settings.txt" />
		<Unit filename="16_zoning_program/Stabilize_2_6m_L/Designs and settings/Design 3/MS_Input.txt" />
		<Unit filename="16_zoning_program/Stabilize_2_6m_L/Designs and settings/Design 3/Unzoned/Zoning_Settings.txt" />
		<Unit filename="16_zoning_program/Stabilize_2_6m_L/Designs and settings/Design 3/Zoned/Zoning_Settings.txt" />
		<Unit filename="16_zoning_program/Stabilize_2_6m_L/Designs and settings/Design 4/MS_Input.txt" />
		<Unit filename="16_zoning_program/Stabilize_2_6m_L/Designs and settings/Design 4/Unzoned/Zoning_Settings.txt" />
		<Unit filename="16_zoning_program/Stabilize_2_6m_L/Designs and settings/Design 4/Zoned/Zoning_Settings.txt" />
		<Unit filename="16_zoning_program/Stabilize_2_6m_L/Designs and settings/Grammar_Settings.txt" />
		<Unit filename="16_zoning_program/Stabilize_2_6m_L/MS_Input.txt" />
		<Unit filename="16_zoning_program/Stabilize_2_6m_L/Makefile" />
		<Unit filename="16_zoning_program/Stabilize_2_6m_L/SD_Line_Rules.hpp" />
		<Unit filename="16_zoning_program/Stabilize_2_6m_L/Settings/Grammar_Settings.txt" />
		<Unit filename="16_zoning_program/Stabilize_2_6m_L/Settings/SD_Settings.txt" />
		<Unit filename="16_zoning_program/Stabilize_2_6m_L/Settings/Stabilize_Settings.txt" />
		<Unit filename="16_zoning_program/Stabilize_2_6m_L/Settings/Zoning_Settings.txt" />
		<Unit filename="16_zoning_program/Stabilize_2_6m_L/main.cpp">
			<Option compile="0" />
			<Option link="0" />
		</Unit>
		<Unit filename="16_zoning_program/Stabilize_2_6m_L/main.exe" />
		<Unit filename="16_zoning_program/Stabilize_2_6m_L/main.o" />
		<Unit filename="16_zoning_program/Stabilize_2_6m_L/output.txt" />
		<Unit filename="16_zoning_program/Stabilize_2_6m_L/zoning_stabilize_grammar" />
		<Unit filename="16_zoning_program/Stabilize_2_6m_S/Designs and settings/Design 1/MS_Input.txt" />
		<Unit filename="16_zoning_program/Stabilize_2_6m_S/Designs and settings/Design 1/Unzoned/Zoning_Settings.txt" />
		<Unit filename="16_zoning_program/Stabilize_2_6m_S/Designs and settings/Design 1/Zoned/Zoning_Settings.txt" />
		<Unit filename="16_zoning_program/Stabilize_2_6m_S/Designs and settings/Design 2/MS_Input.txt" />
		<Unit filename="16_zoning_program/Stabilize_2_6m_S/Designs and settings/Design 2/Span 6000/Unzoned/Zoning_Settings.txt" />
		<Unit filename="16_zoning_program/Stabilize_2_6m_S/Designs and settings/Design 2/Span 6000/Zoned/Zoning_Settings.txt" />
		<Unit filename="16_zoning_program/Stabilize_2_6m_S/Designs and settings/Design 2/Span 9000/Unzoned/Zoning_Settings.txt" />
		<Unit filename="16_zoning_program/Stabilize_2_6m_S/Designs and settings/Design 2/Span 9000/Zoned/Zoning_Settings.txt" />
		<Unit filename="16_zoning_program/Stabilize_2_6m_S/Designs and settings/Design 3/MS_Input.txt" />
		<Unit filename="16_zoning_program/Stabilize_2_6m_S/Designs and settings/Design 3/Unzoned/Zoning_Settings.txt" />
		<Unit filename="16_zoning_program/Stabilize_2_6m_S/Designs and settings/Design 3/Zoned/Zoning_Settings.txt" />
		<Unit filename="16_zoning_program/Stabilize_2_6m_S/Designs and settings/Design 4/MS_Input.txt" />
		<Unit filename="16_zoning_program/Stabilize_2_6m_S/Designs and settings/Design 4/Unzoned/Zoning_Settings.txt" />
		<Unit filename="16_zoning_program/Stabilize_2_6m_S/Designs and settings/Design 4/Zoned/Zoning_Settings.txt" />
		<Unit filename="16_zoning_program/Stabilize_2_6m_S/Designs and settings/Grammar_Settings.txt" />
		<Unit filename="16_zoning_program/Stabilize_2_6m_S/MS_Input.txt" />
		<Unit filename="16_zoning_program/Stabilize_2_6m_S/Makefile" />
		<Unit filename="16_zoning_program/Stabilize_2_6m_S/SD_Line_Rules.hpp" />
		<Unit filename="16_zoning_program/Stabilize_2_6m_S/Settings/Grammar_Settings.txt" />
		<Unit filename="16_zoning_program/Stabilize_2_6m_S/Settings/SD_Settings.txt" />
		<Unit filename="16_zoning_program/Stabilize_2_6m_S/Settings/Stabilize_Settings.txt" />
		<Unit filename="16_zoning_program/Stabilize_2_6m_S/Settings/Zoning_Settings.txt" />
		<Unit filename="16_zoning_program/Stabilize_2_6m_S/main.cpp">
			<Option compile="0" />
			<Option link="0" />
		</Unit>
		<Unit filename="16_zoning_program/Stabilize_2_6m_S/output.txt" />
		<Unit filename="16_zoning_program/Stabilize_2_6m_S/zoning_stabilize_grammar" />
		<Unit filename="16_zoning_program/Stabilize_2_6m_W/Designs and settings/Design 1/MS_Input.txt" />
		<Unit filename="16_zoning_program/Stabilize_2_6m_W/Designs and settings/Design 1/Unzoned/Zoning_Settings.txt" />
		<Unit filename="16_zoning_program/Stabilize_2_6m_W/Designs and settings/Design 1/Zoned/Zoning_Settings.txt" />
		<Unit filename="16_zoning_program/Stabilize_2_6m_W/Designs and settings/Design 2/MS_Input.txt" />
		<Unit filename="16_zoning_program/Stabilize_2_6m_W/Designs and settings/Design 2/Span 6000/Unzoned/Zoning_Settings.txt" />
		<Unit filename="16_zoning_program/Stabilize_2_6m_W/Designs and settings/Design 2/Span 6000/Zoned/Zoning_Settings.txt" />
		<Unit filename="16_zoning_program/Stabilize_2_6m_W/Designs and settings/Design 2/Span 9000/Unzoned/Zoning_Settings.txt" />
		<Unit filename="16_zoning_program/Stabilize_2_6m_W/Designs and settings/Design 2/Span 9000/Zoned/Zoning_Settings.txt" />
		<Unit filename="16_zoning_program/Stabilize_2_6m_W/Designs and settings/Design 3/MS_Input.txt" />
		<Unit filename="16_zoning_program/Stabilize_2_6m_W/Designs and settings/Design 3/Unzoned/Zoning_Settings.txt" />
		<Unit filename="16_zoning_program/Stabilize_2_6m_W/Designs and settings/Design 3/Zoned/Zoning_Settings.txt" />
		<Unit filename="16_zoning_program/Stabilize_2_6m_W/Designs and settings/Design 4/MS_Input.txt" />
		<Unit filename="16_zoning_program/Stabilize_2_6m_W/Designs and settings/Design 4/Unzoned/Zoning_Settings.txt" />
		<Unit filename="16_zoning_program/Stabilize_2_6m_W/Designs and settings/Design 4/Zoned/Zoning_Settings.txt" />
		<Unit filename="16_zoning_program/Stabilize_2_6m_W/Designs and settings/Grammar_Settings.txt" />
		<Unit filename="16_zoning_program/Stabilize_2_6m_W/MS_Input.txt" />
		<Unit filename="16_zoning_program/Stabilize_2_6m_W/Makefile" />
		<Unit filename="16_zoning_program/Stabilize_2_6m_W/SD_Line_Rules.hpp" />
		<Unit filename="16_zoning_program/Stabilize_2_6m_W/Settings/Grammar_Settings.txt" />
		<Unit filename="16_zoning_program/Stabilize_2_6m_W/Settings/SD_Settings.txt" />
		<Unit filename="16_zoning_program/Stabilize_2_6m_W/Settings/Stabilize_Settings.txt" />
		<Unit filename="16_zoning_program/Stabilize_2_6m_W/Settings/Zoning_Settings.txt" />
		<Unit filename="16_zoning_program/Stabilize_2_6m_W/main.cpp">
			<Option compile="0" />
			<Option link="0" />
		</Unit>
		<Unit filename="16_zoning_program/Stabilize_2_6m_W/output.txt" />
		<Unit filename="16_zoning_program/Stabilize_2_6m_W/zoning_stabilize_grammar" />
		<Unit filename="16_zoning_program/Stabilize_2_9m_L/Designs and settings/Design 1/MS_Input.txt" />
		<Unit filename="16_zoning_program/Stabilize_2_9m_L/Designs and settings/Design 1/Unzoned/Zoning_Settings.txt" />
		<Unit filename="16_zoning_program/Stabilize_2_9m_L/Designs and settings/Design 1/Zoned/Zoning_Settings.txt" />
		<Unit filename="16_zoning_program/Stabilize_2_9m_L/Designs and settings/Design 2/MS_Input.txt" />
		<Unit filename="16_zoning_program/Stabilize_2_9m_L/Designs and settings/Design 2/Span 6000/Unzoned/Zoning_Settings.txt" />
		<Unit filename="16_zoning_program/Stabilize_2_9m_L/Designs and settings/Design 2/Span 6000/Zoned/Zoning_Settings.txt" />
		<Unit filename="16_zoning_program/Stabilize_2_9m_L/Designs and settings/Design 2/Span 9000/Unzoned/Zoning_Settings.txt" />
		<Unit filename="16_zoning_program/Stabilize_2_9m_L/Designs and settings/Design 2/Span 9000/Zoned/Zoning_Settings.txt" />
		<Unit filename="16_zoning_program/Stabilize_2_9m_L/Designs and settings/Design 3/MS_Input.txt" />
		<Unit filename="16_zoning_program/Stabilize_2_9m_L/Designs and settings/Design 3/Unzoned/Zoning_Settings.txt" />
		<Unit filename="16_zoning_program/Stabilize_2_9m_L/Designs and settings/Design 3/Zoned/Zoning_Settings.txt" />
		<Unit filename="16_zoning_program/Stabilize_2_9m_L/Designs and settings/Design 4/MS_Input.txt" />
		<Unit filename="16_zoning_program/Stabilize_2_9m_L/Designs and settings/Design 4/Unzoned/Zoning_Settings.txt" />
		<Unit filename="16_zoning_program/Stabilize_2_9m_L/Designs and settings/Design 4/Zoned/Zoning_Settings.txt" />
		<Unit filename="16_zoning_program/Stabilize_2_9m_L/Designs and settings/Grammar_Settings.txt" />
		<Unit filename="16_zoning_program/Stabilize_2_9m_L/MS_Input.txt" />
		<Unit filename="16_zoning_program/Stabilize_2_9m_L/Makefile" />
		<Unit filename="16_zoning_program/Stabilize_2_9m_L/SD_Line_Rules.hpp" />
		<Unit filename="16_zoning_program/Stabilize_2_9m_L/Settings/Grammar_Settings.txt" />
		<Unit filename="16_zoning_program/Stabilize_2_9m_L/Settings/SD_Settings.txt" />
		<Unit filename="16_zoning_program/Stabilize_2_9m_L/Settings/Stabilize_Settings.txt" />
		<Unit filename="16_zoning_program/Stabilize_2_9m_L/Settings/Zoning_Settings.txt" />
		<Unit filename="16_zoning_program/Stabilize_2_9m_L/main.cpp">
			<Option compile="0" />
			<Option link="0" />
		</Unit>
		<Unit filename="16_zoning_program/Stabilize_2_9m_L/output.txt" />
		<Unit filename="16_zoning_program/Stabilize_2_9m_L/zoning_stabilize_grammar" />
		<Unit filename="16_zoning_program/Stabilize_2_9m_S/Designs and settings/Design 1/MS_Input.txt" />
		<Unit filename="16_zoning_program/Stabilize_2_9m_S/Designs and settings/Design 1/Unzoned/Zoning_Settings.txt" />
		<Unit filename="16_zoning_program/Stabilize_2_9m_S/Designs and settings/Design 1/Zoned/Zoning_Settings.txt" />
		<Unit filename="16_zoning_program/Stabilize_2_9m_S/Designs and settings/Design 2/MS_Input.txt" />
		<Unit filename="16_zoning_program/Stabilize_2_9m_S/Designs and settings/Design 2/Span 6000/Unzoned/Zoning_Settings.txt" />
		<Unit filename="16_zoning_program/Stabilize_2_9m_S/Designs and settings/Design 2/Span 6000/Zoned/Zoning_Settings.txt" />
		<Unit filename="16_zoning_program/Stabilize_2_9m_S/Designs and settings/Design 2/Span 9000/Unzoned/Zoning_Settings.txt" />
		<Unit filename="16_zoning_program/Stabilize_2_9m_S/Designs and settings/Design 2/Span 9000/Zoned/Zoning_Settings.txt" />
		<Unit filename="16_zoning_program/Stabilize_2_9m_S/Designs and settings/Design 3/MS_Input.txt" />
		<Unit filename="16_zoning_program/Stabilize_2_9m_S/Designs and settings/Design 3/Unzoned/Zoning_Settings.txt" />
		<Unit filename="16_zoning_program/Stabilize_2_9m_S/Designs and settings/Design 3/Zoned/Zoning_Settings.txt" />
		<Unit filename="16_zoning_program/Stabilize_2_9m_S/Designs and settings/Design 4/MS_Input.txt" />
		<Unit filename="16_zoning_program/Stabilize_2_9m_S/Designs and settings/Design 4/Unzoned/Zoning_Settings.txt" />
		<Unit filename="16_zoning_program/Stabilize_2_9m_S/Designs and settings/Design 4/Zoned/Zoning_Settings.txt" />
		<Unit filename="16_zoning_program/Stabilize_2_9m_S/Designs and settings/Grammar_Settings.txt" />
		<Unit filename="16_zoning_program/Stabilize_2_9m_S/MS_Input.txt" />
		<Unit filename="16_zoning_program/Stabilize_2_9m_S/Makefile" />
		<Unit filename="16_zoning_program/Stabilize_2_9m_S/SD_Line_Rules.hpp" />
		<Unit filename="16_zoning_program/Stabilize_2_9m_S/Settings/Grammar_Settings.txt" />
		<Unit filename="16_zoning_program/Stabilize_2_9m_S/Settings/SD_Settings.txt" />
		<Unit filename="16_zoning_program/Stabilize_2_9m_S/Settings/Stabilize_Settings.txt" />
		<Unit filename="16_zoning_program/Stabilize_2_9m_S/Settings/Zoning_Settings.txt" />
		<Unit filename="16_zoning_program/Stabilize_2_9m_S/main.cpp">
			<Option compile="0" />
			<Option link="0" />
		</Unit>
		<Unit filename="16_zoning_program/Stabilize_2_9m_S/output.txt" />
		<Unit filename="16_zoning_program/Stabilize_2_9m_S/zoning_stabilize_grammar" />
		<Unit filename="16_zoning_program/Stabilize_2_9m_W/Designs and settings/Design 1/MS_Input.txt" />
		<Unit filename="16_zoning_program/Stabilize_2_9m_W/Designs and settings/Design 1/Unzoned/Zoning_Settings.txt" />
		<Unit filename="16_zoning_program/Stabilize_2_9m_W/Designs and settings/Design 1/Zoned/Zoning_Settings.txt" />
		<Unit filename="16_zoning_program/Stabilize_2_9m_W/Designs and settings/Design 2/MS_Input.txt" />
		<Unit filename="16_zoning_program/Stabilize_2_9m_W/Designs and settings/Design 2/Span 6000/Unzoned/Zoning_Settings.txt" />
		<Unit filename="16_zoning_program/Stabilize_2_9m_W/Designs and settings/Design 2/Span 6000/Zoned/Zoning_Settings.txt" />
		<Unit filename="16_zoning_program/Stabilize_2_9m_W/Designs and settings/Design 2/Span 9000/Unzoned/Zoning_Settings.txt" />
		<Unit filename="16_zoning_program/Stabilize_2_9m_W/Designs and settings/Design 2/Span 9000/Zoned/Zoning_Settings.txt" />
		<Unit filename="16_zoning_program/Stabilize_2_9m_W/Designs and settings/Design 3/MS_Input.txt" />
		<Unit filename="16_zoning_program/Stabilize_2_9m_W/Designs and settings/Design 3/Unzoned/Zoning_Settings.txt" />
		<Unit filename="16_zoning_program/Stabilize_2_9m_W/Designs and settings/Design 3/Zoned/Zoning_Settings.txt" />
		<Unit filename="16_zoning_program/Stabilize_2_9m_W/Designs and settings/Design 4/MS_Input.txt" />
		<Unit filename="16_zoning_program/Stabilize_2_9m_W/Designs and settings/Design 4/Unzoned/Zoning_Settings.txt" />
		<Unit filename="16_zoning_program/Stabilize_2_9m_W/Designs and settings/Design 4/Zoned/Zoning_Settings.txt" />
		<Unit filename="16_zoning_program/Stabilize_2_9m_W/Designs and settings/Grammar_Settings.txt" />
		<Unit filename="16_zoning_program/Stabilize_2_9m_W/MS_Input.txt" />
		<Unit filename="16_zoning_program/Stabilize_2_9m_W/Makefile" />
		<Unit filename="16_zoning_program/Stabilize_2_9m_W/SD_Line_Rules.hpp" />
		<Unit filename="16_zoning_program/Stabilize_2_9m_W/Settings/Grammar_Settings.txt" />
		<Unit filename="16_zoning_program/Stabilize_2_9m_W/Settings/SD_Settings.txt" />
		<Unit filename="16_zoning_program/Stabilize_2_9m_W/Settings/Stabilize_Settings.txt" />
		<Unit filename="16_zoning_program/Stabilize_2_9m_W/Settings/Zoning_Settings.txt" />
		<Unit filename="16_zoning_program/Stabilize_2_9m_W/main.cpp">
			<Option compile="0" />
			<Option link="0" />
		</Unit>
		<Unit filename="16_zoning_program/Stabilize_2_9m_W/output.txt" />
		<Unit filename="16_zoning_program/Stabilize_2_9m_W/zoning_stabilize_grammar" />
		<Unit filename="16_zoning_program/Stabilize_3_L/Designs and settings/Design 1/MS_Input.txt" />
		<Unit filename="16_zoning_program/Stabilize_3_L/Designs and settings/Design 1/Unzoned/Zoning_Settings.txt" />
		<Unit filename="16_zoning_program/Stabilize_3_L/Designs and settings/Design 1/Zoned/Zoning_Settings.txt" />
		<Unit filename="16_zoning_program/Stabilize_3_L/Designs and settings/Design 2/MS_Input.txt" />
		<Unit filename="16_zoning_program/Stabilize_3_L/Designs and settings/Design 2/Span 6000/Unzoned/Zoning_Settings.txt" />
		<Unit filename="16_zoning_program/Stabilize_3_L/Designs and settings/Design 2/Span 6000/Zoned/Zoning_Settings.txt" />
		<Unit filename="16_zoning_program/Stabilize_3_L/Designs and settings/Design 2/Span 9000/Unzoned/Zoning_Settings.txt" />
		<Unit filename="16_zoning_program/Stabilize_3_L/Designs and settings/Design 2/Span 9000/Zoned/Zoning_Settings.txt" />
		<Unit filename="16_zoning_program/Stabilize_3_L/Designs and settings/Design 3/MS_Input.txt" />
		<Unit filename="16_zoning_program/Stabilize_3_L/Designs and settings/Design 3/Unzoned/Zoning_Settings.txt" />
		<Unit filename="16_zoning_program/Stabilize_3_L/Designs and settings/Design 3/Zoned/Zoning_Settings.txt" />
		<Unit filename="16_zoning_program/Stabilize_3_L/Designs and settings/Design 4/MS_Input.txt" />
		<Unit filename="16_zoning_program/Stabilize_3_L/Designs and settings/Design 4/Unzoned/Zoning_Settings.txt" />
		<Unit filename="16_zoning_program/Stabilize_3_L/Designs and settings/Design 4/Zoned/Zoning_Settings.txt" />
		<Unit filename="16_zoning_program/Stabilize_3_L/Designs and settings/Grammar_Settings.txt" />
		<Unit filename="16_zoning_program/Stabilize_3_L/MS_Input.txt" />
		<Unit filename="16_zoning_program/Stabilize_3_L/Makefile" />
		<Unit filename="16_zoning_program/Stabilize_3_L/SD_Line_Rules.hpp" />
		<Unit filename="16_zoning_program/Stabilize_3_L/Settings/Grammar_Settings.txt" />
		<Unit filename="16_zoning_program/Stabilize_3_L/Settings/SD_Settings.txt" />
		<Unit filename="16_zoning_program/Stabilize_3_L/Settings/Stabilize_Settings.txt" />
		<Unit filename="16_zoning_program/Stabilize_3_L/Settings/Zoning_Settings.txt" />
		<Unit filename="16_zoning_program/Stabilize_3_L/main.cpp">
			<Option compile="0" />
			<Option link="0" />
		</Unit>
		<Unit filename="16_zoning_program/Stabilize_3_L/output.txt" />
		<Unit filename="16_zoning_program/Stabilize_3_L/zoning_stabilize_grammar" />
		<Unit filename="16_zoning_program/Stabilize_3_S/Designs and settings/Design 1/MS_Input.txt" />
		<Unit filename="16_zoning_program/Stabilize_3_S/Designs and settings/Design 1/Unzoned/Zoning_Settings.txt" />
		<Unit filename="16_zoning_program/Stabilize_3_S/Designs and settings/Design 1/Zoned/Zoning_Settings.txt" />
		<Unit filename="16_zoning_program/Stabilize_3_S/Designs and settings/Design 2/MS_Input.txt" />
		<Unit filename="16_zoning_program/Stabilize_3_S/Designs and settings/Design 2/Span 6000/Unzoned/Zoning_Settings.txt" />
		<Unit filename="16_zoning_program/Stabilize_3_S/Designs and settings/Design 2/Span 6000/Zoned/Zoning_Settings.txt" />
		<Unit filename="16_zoning_program/Stabilize_3_S/Designs and settings/Design 2/Span 9000/Unzoned/Zoning_Settings.txt" />
		<Unit filename="16_zoning_program/Stabilize_3_S/Designs and settings/Design 2/Span 9000/Zoned/Zoning_Settings.txt" />
		<Unit filename="16_zoning_program/Stabilize_3_S/Designs and settings/Design 3/MS_Input.txt" />
		<Unit filename="16_zoning_program/Stabilize_3_S/Designs and settings/Design 3/Unzoned/Zoning_Settings.txt" />
		<Unit filename="16_zoning_program/Stabilize_3_S/Designs and settings/Design 3/Zoned/Zoning_Settings.txt" />
		<Unit filename="16_zoning_program/Stabilize_3_S/Designs and settings/Design 4/MS_Input.txt" />
		<Unit filename="16_zoning_program/Stabilize_3_S/Designs and settings/Design 4/Unzoned/Zoning_Settings.txt" />
		<Unit filename="16_zoning_program/Stabilize_3_S/Designs and settings/Design 4/Zoned/Zoning_Settings.txt" />
		<Unit filename="16_zoning_program/Stabilize_3_S/Designs and settings/Grammar_Settings.txt" />
		<Unit filename="16_zoning_program/Stabilize_3_S/MS_Input.txt" />
		<Unit filename="16_zoning_program/Stabilize_3_S/Makefile" />
		<Unit filename="16_zoning_program/Stabilize_3_S/SD_Line_Rules.hpp" />
		<Unit filename="16_zoning_program/Stabilize_3_S/Settings/Grammar_Settings.txt" />
		<Unit filename="16_zoning_program/Stabilize_3_S/Settings/SD_Settings.txt" />
		<Unit filename="16_zoning_program/Stabilize_3_S/Settings/Stabilize_Settings.txt" />
		<Unit filename="16_zoning_program/Stabilize_3_S/Settings/Zoning_Settings.txt" />
		<Unit filename="16_zoning_program/Stabilize_3_S/main.cpp">
			<Option compile="0" />
			<Option link="0" />
		</Unit>
		<Unit filename="16_zoning_program/Stabilize_3_S/output.txt" />
		<Unit filename="16_zoning_program/Stabilize_3_S/zoning_stabilize_grammar" />
		<Unit filename="16_zoning_program/Stabilize_3_W/Designs and settings/Design 1/MS_Input.txt" />
		<Unit filename="16_zoning_program/Stabilize_3_W/Designs and settings/Design 1/Unzoned/Zoning_Settings.txt" />
		<Unit filename="16_zoning_program/Stabilize_3_W/Designs and settings/Design 1/Zoned/Zoning_Settings.txt" />
		<Unit filename="16_zoning_program/Stabilize_3_W/Designs and settings/Design 2/MS_Input.txt" />
		<Unit filename="16_zoning_program/Stabilize_3_W/Designs and settings/Design 2/Span 6000/Unzoned/Zoning_Settings.txt" />
		<Unit filename="16_zoning_program/Stabilize_3_W/Designs and settings/Design 2/Span 6000/Zoned/Zoning_Settings.txt" />
		<Unit filename="16_zoning_program/Stabilize_3_W/Designs and settings/Design 2/Span 9000/Unzoned/Zoning_Settings.txt" />
		<Unit filename="16_zoning_program/Stabilize_3_W/Designs and settings/Design 2/Span 9000/Zoned/Zoning_Settings.txt" />
		<Unit filename="16_zoning_program/Stabilize_3_W/Designs and settings/Design 3/MS_Input.txt" />
		<Unit filename="16_zoning_program/Stabilize_3_W/Designs and settings/Design 3/Unzoned/Zoning_Settings.txt" />
		<Unit filename="16_zoning_program/Stabilize_3_W/Designs and settings/Design 3/Zoned/Zoning_Settings.txt" />
		<Unit filename="16_zoning_program/Stabilize_3_W/Designs and settings/Design 4/MS_Input.txt" />
		<Unit filename="16_zoning_program/Stabilize_3_W/Designs and settings/Design 4/Unzoned/Zoning_Settings.txt" />
		<Unit filename="16_zoning_program/Stabilize_3_W/Designs and settings/Design 4/Zoned/Zoning_Settings.txt" />
		<Unit filename="16_zoning_program/Stabilize_3_W/Designs and settings/Grammar_Settings.txt" />
		<Unit filename="16_zoning_program/Stabilize_3_W/MS_Input.txt" />
		<Unit filename="16_zoning_program/Stabilize_3_W/Makefile" />
		<Unit filename="16_zoning_program/Stabilize_3_W/SD_Line_Rules.hpp" />
		<Unit filename="16_zoning_program/Stabilize_3_W/Settings/Grammar_Settings.txt" />
		<Unit filename="16_zoning_program/Stabilize_3_W/Settings/SD_Settings.txt" />
		<Unit filename="16_zoning_program/Stabilize_3_W/Settings/Stabilize_Settings.txt" />
		<Unit filename="16_zoning_program/Stabilize_3_W/Settings/Zoning_Settings.txt" />
		<Unit filename="16_zoning_program/Stabilize_3_W/main.cpp">
			<Option compile="0" />
			<Option link="0" />
		</Unit>
		<Unit filename="16_zoning_program/Stabilize_3_W/output.txt" />
		<Unit filename="16_zoning_program/Stabilize_3_W/zoning_stabilize_grammar" />
		<Unit filename="16_zoning_program/Stabilize_4_L/Designs and settings/Design 1/MS_Input.txt" />
		<Unit filename="16_zoning_program/Stabilize_4_L/Designs and settings/Design 1/Unzoned/Zoning_Settings.txt" />
		<Unit filename="16_zoning_program/Stabilize_4_L/Designs and settings/Design 1/Zoned/Zoning_Settings.txt" />
		<Unit filename="16_zoning_program/Stabilize_4_L/Designs and settings/Design 2/MS_Input.txt" />
		<Unit filename="16_zoning_program/Stabilize_4_L/Designs and settings/Design 2/Span 6000/Unzoned/Zoning_Settings.txt" />
		<Unit filename="16_zoning_program/Stabilize_4_L/Designs and settings/Design 2/Span 6000/Zoned/Zoning_Settings.txt" />
		<Unit filename="16_zoning_program/Stabilize_4_L/Designs and settings/Design 2/Span 9000/Unzoned/Zoning_Settings.txt" />
		<Unit filename="16_zoning_program/Stabilize_4_L/Designs and settings/Design 2/Span 9000/Zoned/Zoning_Settings.txt" />
		<Unit filename="16_zoning_program/Stabilize_4_L/Designs and settings/Design 3/MS_Input.txt" />
		<Unit filename="16_zoning_program/Stabilize_4_L/Designs and settings/Design 3/Unzoned/Zoning_Settings.txt" />
		<Unit filename="16_zoning_program/Stabilize_4_L/Designs and settings/Design 3/Zoned/Zoning_Settings.txt" />
		<Unit filename="16_zoning_program/Stabilize_4_L/Designs and settings/Design 4/MS_Input.txt" />
		<Unit filename="16_zoning_program/Stabilize_4_L/Designs and settings/Design 4/Unzoned/Zoning_Settings.txt" />
		<Unit filename="16_zoning_program/Stabilize_4_L/Designs and settings/Design 4/Zoned/Zoning_Settings.txt" />
		<Unit filename="16_zoning_program/Stabilize_4_L/Designs and settings/Grammar_Settings.txt" />
		<Unit filename="16_zoning_program/Stabilize_4_L/MS_Input.txt" />
		<Unit filename="16_zoning_program/Stabilize_4_L/Makefile" />
		<Unit filename="16_zoning_program/Stabilize_4_L/SD_Line_Rules.hpp" />
		<Unit filename="16_zoning_program/Stabilize_4_L/Settings/Grammar_Settings.txt" />
		<Unit filename="16_zoning_program/Stabilize_4_L/Settings/SD_Settings.txt" />
		<Unit filename="16_zoning_program/Stabilize_4_L/Settings/Stabilize_Settings.txt" />
		<Unit filename="16_zoning_program/Stabilize_4_L/Settings/Zoning_Settings.txt" />
		<Unit filename="16_zoning_program/Stabilize_4_L/main.cpp">
			<Option compile="0" />
			<Option link="0" />
		</Unit>
		<Unit filename="16_zoning_program/Stabilize_4_L/output.txt" />
		<Unit filename="16_zoning_program/Stabilize_4_L/zoning_stabilize_grammar" />
		<Unit filename="16_zoning_program/Stabilize_4_S/Designs and settings/Design 1/MS_Input.txt" />
		<Unit filename="16_zoning_program/Stabilize_4_S/Designs and settings/Design 1/Unzoned/Zoning_Settings.txt" />
		<Unit filename="16_zoning_program/Stabilize_4_S/Designs and settings/Design 1/Zoned/Zoning_Settings.txt" />
		<Unit filename="16_zoning_program/Stabilize_4_S/Designs and settings/Design 2/MS_Input.txt" />
		<Unit filename="16_zoning_program/Stabilize_4_S/Designs and settings/Design 2/Span 6000/Unzoned/Zoning_Settings.txt" />
		<Unit filename="16_zoning_program/Stabilize_4_S/Designs and settings/Design 2/Span 6000/Zoned/Zoning_Settings.txt" />
		<Unit filename="16_zoning_program/Stabilize_4_S/Designs and settings/Design 2/Span 9000/Unzoned/Zoning_Settings.txt" />
		<Unit filename="16_zoning_program/Stabilize_4_S/Designs and settings/Design 2/Span 9000/Zoned/Zoning_Settings.txt" />
		<Unit filename="16_zoning_program/Stabilize_4_S/Designs and settings/Design 3/MS_Input.txt" />
		<Unit filename="16_zoning_program/Stabilize_4_S/Designs and settings/Design 3/Unzoned/Zoning_Settings.txt" />
		<Unit filename="16_zoning_program/Stabilize_4_S/Designs and settings/Design 3/Zoned/Zoning_Settings.txt" />
		<Unit filename="16_zoning_program/Stabilize_4_S/Designs and settings/Design 4/MS_Input.txt" />
		<Unit filename="16_zoning_program/Stabilize_4_S/Designs and settings/Design 4/Unzoned/Zoning_Settings.txt" />
		<Unit filename="16_zoning_program/Stabilize_4_S/Designs and settings/Design 4/Zoned/Zoning_Settings.txt" />
		<Unit filename="16_zoning_program/Stabilize_4_S/Designs and settings/Grammar_Settings.txt" />
		<Unit filename="16_zoning_program/Stabilize_4_S/MS_Input.txt" />
		<Unit filename="16_zoning_program/Stabilize_4_S/Makefile" />
		<Unit filename="16_zoning_program/Stabilize_4_S/SD_Line_Rules.hpp" />
		<Unit filename="16_zoning_program/Stabilize_4_S/Settings/Grammar_Settings.txt" />
		<Unit filename="16_zoning_program/Stabilize_4_S/Settings/SD_Settings.txt" />
		<Unit filename="16_zoning_program/Stabilize_4_S/Settings/Stabilize_Settings.txt" />
		<Unit filename="16_zoning_program/Stabilize_4_S/Settings/Zoning_Settings.txt" />
		<Unit filename="16_zoning_program/Stabilize_4_S/main.cpp">
			<Option compile="0" />
			<Option link="0" />
		</Unit>
		<Unit filename="16_zoning_program/Stabilize_4_S/output.txt" />
		<Unit filename="16_zoning_program/Stabilize_4_S/zoning_stabilize_grammar" />
		<Unit filename="16_zoning_program/Stabilize_4_W/Designs and settings/Design 1/MS_Input.txt" />
		<Unit filename="16_zoning_program/Stabilize_4_W/Designs and settings/Design 1/Unzoned/Zoning_Settings.txt" />
		<Unit filename="16_zoning_program/Stabilize_4_W/Designs and settings/Design 1/Zoned/Zoning_Settings.txt" />
		<Unit filename="16_zoning_program/Stabilize_4_W/Designs and settings/Design 2/MS_Input.txt" />
		<Unit filename="16_zoning_program/Stabilize_4_W/Designs and settings/Design 2/Span 6000/Unzoned/Zoning_Settings.txt" />
		<Unit filename="16_zoning_program/Stabilize_4_W/Designs and settings/Design 2/Span 6000/Zoned/Zoning_Settings.txt" />
		<Unit filename="16_zoning_program/Stabilize_4_W/Designs and settings/Design 2/Span 9000/Unzoned/Zoning_Settings.txt" />
		<Unit filename="16_zoning_program/Stabilize_4_W/Designs and settings/Design 2/Span 9000/Zoned/Zoning_Settings.txt" />
		<Unit filename="16_zoning_program/Stabilize_4_W/Designs and settings/Design 3/MS_Input.txt" />
		<Unit filename="16_zoning_program/Stabilize_4_W/Designs and settings/Design 3/Unzoned/Zoning_Settings.txt" />
		<Unit filename="16_zoning_program/Stabilize_4_W/Designs and settings/Design 3/Zoned/Zoning_Settings.txt" />
		<Unit filename="16_zoning_program/Stabilize_4_W/Designs and settings/Design 4/MS_Input.txt" />
		<Unit filename="16_zoning_program/Stabilize_4_W/Designs and settings/Design 4/Unzoned/Zoning_Settings.txt" />
		<Unit filename="16_zoning_program/Stabilize_4_W/Designs and settings/Design 4/Zoned/Zoning_Settings.txt" />
		<Unit filename="16_zoning_program/Stabilize_4_W/Designs and settings/Grammar_Settings.txt" />
		<Unit filename="16_zoning_program/Stabilize_4_W/MS_Input.txt" />
		<Unit filename="16_zoning_program/Stabilize_4_W/Makefile" />
		<Unit filename="16_zoning_program/Stabilize_4_W/SD_Line_Rules.hpp" />
		<Unit filename="16_zoning_program/Stabilize_4_W/Settings/Grammar_Settings.txt" />
		<Unit filename="16_zoning_program/Stabilize_4_W/Settings/SD_Settings.txt" />
		<Unit filename="16_zoning_program/Stabilize_4_W/Settings/Stabilize_Settings.txt" />
		<Unit filename="16_zoning_program/Stabilize_4_W/Settings/Zoning_Settings.txt" />
		<Unit filename="16_zoning_program/Stabilize_4_W/main.cpp">
			<Option compile="0" />
			<Option link="0" />
		</Unit>
		<Unit filename="16_zoning_program/Stabilize_4_W/output.txt" />
		<Unit filename="16_zoning_program/Stabilize_4_W/zoning_stabilize_grammar" />
		<Unit filename="16_zoning_program/Zoning_1_L/Designs and settings/Design 1/MS_Input.txt" />
		<Unit filename="16_zoning_program/Zoning_1_L/Designs and settings/Design 1/Zoning_Settings.txt" />
		<Unit filename="16_zoning_program/Zoning_1_L/Designs and settings/Design 2/MS_Input.txt" />
		<Unit filename="16_zoning_program/Zoning_1_L/Designs and settings/Design 2/Span 6000/Zoning_Settings.txt" />
		<Unit filename="16_zoning_program/Zoning_1_L/Designs and settings/Design 2/Span 9000/Zoning_Settings.txt" />
		<Unit filename="16_zoning_program/Zoning_1_L/Designs and settings/Design 3/MS_Input.txt" />
		<Unit filename="16_zoning_program/Zoning_1_L/Designs and settings/Design 3/Zoning_Settings.txt" />
		<Unit filename="16_zoning_program/Zoning_1_L/Designs and settings/Design 4/MS_Input.txt" />
		<Unit filename="16_zoning_program/Zoning_1_L/Designs and settings/Design 4/Zoning_Settings.txt" />
		<Unit filename="16_zoning_program/Zoning_1_L/Designs and settings/Grammar_Settings.txt" />
		<Unit filename="16_zoning_program/Zoning_1_L/MS_Input.txt" />
		<Unit filename="16_zoning_program/Zoning_1_L/Makefile" />
		<Unit filename="16_zoning_program/Zoning_1_L/Settings/Grammar_Settings.txt" />
		<Unit filename="16_zoning_program/Zoning_1_L/Settings/SD_Settings.txt" />
		<Unit filename="16_zoning_program/Zoning_1_L/Settings/Zoning_Settings.txt" />
		<Unit filename="16_zoning_program/Zoning_1_L/libatomic-1.dll" />
		<Unit filename="16_zoning_program/Zoning_1_L/libgcc_s_seh-1.dll" />
		<Unit filename="16_zoning_program/Zoning_1_L/libgomp-1.dll" />
		<Unit filename="16_zoning_program/Zoning_1_L/libquadmath-0.dll" />
		<Unit filename="16_zoning_program/Zoning_1_L/libssp-0.dll" />
		<Unit filename="16_zoning_program/Zoning_1_L/libstdc++-6.dll" />
		<Unit filename="16_zoning_program/Zoning_1_L/libwinpthread-1.dll" />
		<Unit filename="16_zoning_program/Zoning_1_L/main - Copy.cpp">
			<Option compile="0" />
			<Option link="0" />
		</Unit>
		<Unit filename="16_zoning_program/Zoning_1_L/main - Copy.exe" />
		<Unit filename="16_zoning_program/Zoning_1_L/main - Copy.o" />
		<Unit filename="16_zoning_program/Zoning_1_L/main.cpp">
			<Option compile="0" />
			<Option link="0" />
		</Unit>
		<Unit filename="16_zoning_program/Zoning_1_L/main.exe" />
		<Unit filename="16_zoning_program/Zoning_1_L/main.o" />
		<Unit filename="16_zoning_program/Zoning_1_L/output.txt" />
		<Unit filename="16_zoning_program/Zoning_1_L/zoning_grammar" />
		<Unit filename="16_zoning_program/Zoning_1_S/Designs and settings/Design 1/MS_Input.txt" />
		<Unit filename="16_zoning_program/Zoning_1_S/Designs and settings/Design 1/Zoning_Settings.txt" />
		<Unit filename="16_zoning_program/Zoning_1_S/Designs and settings/Design 2/MS_Input.txt" />
		<Unit filename="16_zoning_program/Zoning_1_S/Designs and settings/Design 2/Span 6000/Zoning_Settings.txt" />
		<Unit filename="16_zoning_program/Zoning_1_S/Designs and settings/Design 2/Span 9000/Zoning_Settings.txt" />
		<Unit filename="16_zoning_program/Zoning_1_S/Designs and settings/Design 3/MS_Input.txt" />
		<Unit filename="16_zoning_program/Zoning_1_S/Designs and settings/Design 3/Zoning_Settings.txt" />
		<Unit filename="16_zoning_program/Zoning_1_S/Designs and settings/Design 4/MS_Input.txt" />
		<Unit filename="16_zoning_program/Zoning_1_S/Designs and settings/Design 4/Zoning_Settings.txt" />
		<Unit filename="16_zoning_program/Zoning_1_S/Designs and settings/Grammar_Settings.txt" />
		<Unit filename="16_zoning_program/Zoning_1_S/MS_Input.txt" />
		<Unit filename="16_zoning_program/Zoning_1_S/Makefile" />
		<Unit filename="16_zoning_program/Zoning_1_S/Settings/Grammar_Settings.txt" />
		<Unit filename="16_zoning_program/Zoning_1_S/Settings/SD_Settings.txt" />
		<Unit filename="16_zoning_program/Zoning_1_S/Settings/Zoning_Settings.txt" />
		<Unit filename="16_zoning_program/Zoning_1_S/main.cpp">
			<Option compile="0" />
			<Option link="0" />
		</Unit>
		<Unit filename="16_zoning_program/Zoning_1_S/output.txt" />
		<Unit filename="16_zoning_program/Zoning_1_S/zoning_grammar" />
		<Unit filename="16_zoning_program/Zoning_1_W/Designs and settings/Design 1/MS_Input.txt" />
		<Unit filename="16_zoning_program/Zoning_1_W/Designs and settings/Design 1/Zoning_Settings.txt" />
		<Unit filename="16_zoning_program/Zoning_1_W/Designs and settings/Design 2/MS_Input.txt" />
		<Unit filename="16_zoning_program/Zoning_1_W/Designs and settings/Design 2/Span 6000/Zoning_Settings.txt" />
		<Unit filename="16_zoning_program/Zoning_1_W/Designs and settings/Design 2/Span 9000/Zoning_Settings.txt" />
		<Unit filename="16_zoning_program/Zoning_1_W/Designs and settings/Design 3/MS_Input.txt" />
		<Unit filename="16_zoning_program/Zoning_1_W/Designs and settings/Design 3/Zoning_Settings.txt" />
		<Unit filename="16_zoning_program/Zoning_1_W/Designs and settings/Design 4/MS_Input.txt" />
		<Unit filename="16_zoning_program/Zoning_1_W/Designs and settings/Design 4/Zoning_Settings.txt" />
		<Unit filename="16_zoning_program/Zoning_1_W/Designs and settings/Grammar_Settings.txt" />
		<Unit filename="16_zoning_program/Zoning_1_W/MS_Input.txt" />
		<Unit filename="16_zoning_program/Zoning_1_W/Makefile" />
		<Unit filename="16_zoning_program/Zoning_1_W/Settings/Grammar_Settings.txt" />
		<Unit filename="16_zoning_program/Zoning_1_W/Settings/SD_Settings.txt" />
		<Unit filename="16_zoning_program/Zoning_1_W/Settings/Zoning_Settings.txt" />
		<Unit filename="16_zoning_program/Zoning_1_W/main.cpp">
			<Option compile="0" />
			<Option link="0" />
		</Unit>
		<Unit filename="16_zoning_program/Zoning_1_W/output.txt" />
		<Unit filename="16_zoning_program/Zoning_1_W/zoning_grammar" />
		<Unit filename="16_zoning_program/Zoning_2_6m_L/Designs and settings/Design 1/MS_Input.txt" />
		<Unit filename="16_zoning_program/Zoning_2_6m_L/Designs and settings/Design 1/Zoning_Settings.txt" />
		<Unit filename="16_zoning_program/Zoning_2_6m_L/Designs and settings/Design 2/MS_Input.txt" />
		<Unit filename="16_zoning_program/Zoning_2_6m_L/Designs and settings/Design 2/Span 6000/Zoning_Settings.txt" />
		<Unit filename="16_zoning_program/Zoning_2_6m_L/Designs and settings/Design 2/Span 9000/Zoning_Settings.txt" />
		<Unit filename="16_zoning_program/Zoning_2_6m_L/Designs and settings/Design 3/MS_Input.txt" />
		<Unit filename="16_zoning_program/Zoning_2_6m_L/Designs and settings/Design 3/Zoning_Settings.txt" />
		<Unit filename="16_zoning_program/Zoning_2_6m_L/Designs and settings/Design 4/MS_Input.txt" />
		<Unit filename="16_zoning_program/Zoning_2_6m_L/Designs and settings/Design 4/Zoning_Settings.txt" />
		<Unit filename="16_zoning_program/Zoning_2_6m_L/Designs and settings/Grammar_Settings.txt" />
		<Unit filename="16_zoning_program/Zoning_2_6m_L/MS_Input.txt" />
		<Unit filename="16_zoning_program/Zoning_2_6m_L/Makefile" />
		<Unit filename="16_zoning_program/Zoning_2_6m_L/Settings/Grammar_Settings.txt" />
		<Unit filename="16_zoning_program/Zoning_2_6m_L/Settings/SD_Settings.txt" />
		<Unit filename="16_zoning_program/Zoning_2_6m_L/Settings/Zoning_Settings.txt" />
		<Unit filename="16_zoning_program/Zoning_2_6m_L/main.cpp">
			<Option compile="0" />
			<Option link="0" />
		</Unit>
		<Unit filename="16_zoning_program/Zoning_2_6m_L/main.exe" />
		<Unit filename="16_zoning_program/Zoning_2_6m_L/main.o" />
		<Unit filename="16_zoning_program/Zoning_2_6m_L/output.txt" />
		<Unit filename="16_zoning_program/Zoning_2_6m_L/zoning_grammar" />
		<Unit filename="16_zoning_program/Zoning_2_6m_S/Designs and settings/Design 1/MS_Input.txt" />
		<Unit filename="16_zoning_program/Zoning_2_6m_S/Designs and settings/Design 1/Zoning_Settings.txt" />
		<Unit filename="16_zoning_program/Zoning_2_6m_S/Designs and settings/Design 2/MS_Input.txt" />
		<Unit filename="16_zoning_program/Zoning_2_6m_S/Designs and settings/Design 2/Span 6000/Zoning_Settings.txt" />
		<Unit filename="16_zoning_program/Zoning_2_6m_S/Designs and settings/Design 2/Span 9000/Zoning_Settings.txt" />
		<Unit filename="16_zoning_program/Zoning_2_6m_S/Designs and settings/Design 3/MS_Input.txt" />
		<Unit filename="16_zoning_program/Zoning_2_6m_S/Designs and settings/Design 3/Zoning_Settings.txt" />
		<Unit filename="16_zoning_program/Zoning_2_6m_S/Designs and settings/Design 4/MS_Input.txt" />
		<Unit filename="16_zoning_program/Zoning_2_6m_S/Designs and settings/Design 4/Zoning_Settings.txt" />
		<Unit filename="16_zoning_program/Zoning_2_6m_S/Designs and settings/Grammar_Settings.txt" />
		<Unit filename="16_zoning_program/Zoning_2_6m_S/MS_Input.txt" />
		<Unit filename="16_zoning_program/Zoning_2_6m_S/Makefile" />
		<Unit filename="16_zoning_program/Zoning_2_6m_S/Settings/Grammar_Settings.txt" />
		<Unit filename="16_zoning_program/Zoning_2_6m_S/Settings/SD_Settings.txt" />
		<Unit filename="16_zoning_program/Zoning_2_6m_S/Settings/Zoning_Settings.txt" />
		<Unit filename="16_zoning_program/Zoning_2_6m_S/main.cpp">
			<Option compile="0" />
			<Option link="0" />
		</Unit>
		<Unit filename="16_zoning_program/Zoning_2_6m_S/main.exe" />
		<Unit filename="16_zoning_program/Zoning_2_6m_S/main.o" />
		<Unit filename="16_zoning_program/Zoning_2_6m_S/output.txt" />
		<Unit filename="16_zoning_program/Zoning_2_6m_S/zoning_grammar" />
		<Unit filename="16_zoning_program/Zoning_2_6m_W/Designs and settings/Design 1/MS_Input.txt" />
		<Unit filename="16_zoning_program/Zoning_2_6m_W/Designs and settings/Design 1/Zoning_Settings.txt" />
		<Unit filename="16_zoning_program/Zoning_2_6m_W/Designs and settings/Design 2/MS_Input.txt" />
		<Unit filename="16_zoning_program/Zoning_2_6m_W/Designs and settings/Design 2/Span 6000/Zoning_Settings.txt" />
		<Unit filename="16_zoning_program/Zoning_2_6m_W/Designs and settings/Design 2/Span 9000/Zoning_Settings.txt" />
		<Unit filename="16_zoning_program/Zoning_2_6m_W/Designs and settings/Design 3/MS_Input.txt" />
		<Unit filename="16_zoning_program/Zoning_2_6m_W/Designs and settings/Design 3/Zoning_Settings.txt" />
		<Unit filename="16_zoning_program/Zoning_2_6m_W/Designs and settings/Design 4/MS_Input.txt" />
		<Unit filename="16_zoning_program/Zoning_2_6m_W/Designs and settings/Design 4/Zoning_Settings.txt" />
		<Unit filename="16_zoning_program/Zoning_2_6m_W/Designs and settings/Grammar_Settings.txt" />
		<Unit filename="16_zoning_program/Zoning_2_6m_W/MS_Input.txt" />
		<Unit filename="16_zoning_program/Zoning_2_6m_W/Makefile" />
		<Unit filename="16_zoning_program/Zoning_2_6m_W/Settings/Grammar_Settings.txt" />
		<Unit filename="16_zoning_program/Zoning_2_6m_W/Settings/SD_Settings.txt" />
		<Unit filename="16_zoning_program/Zoning_2_6m_W/Settings/Zoning_Settings.txt" />
		<Unit filename="16_zoning_program/Zoning_2_6m_W/main.cpp">
			<Option compile="0" />
			<Option link="0" />
		</Unit>
		<Unit filename="16_zoning_program/Zoning_2_6m_W/output.txt" />
		<Unit filename="16_zoning_program/Zoning_2_6m_W/zoning_grammar" />
		<Unit filename="16_zoning_program/Zoning_2_9m_L/Designs and settings/Design 1/MS_Input.txt" />
		<Unit filename="16_zoning_program/Zoning_2_9m_L/Designs and settings/Design 1/Zoning_Settings.txt" />
		<Unit filename="16_zoning_program/Zoning_2_9m_L/Designs and settings/Design 2/MS_Input.txt" />
		<Unit filename="16_zoning_program/Zoning_2_9m_L/Designs and settings/Design 2/Span 6000/Zoning_Settings.txt" />
		<Unit filename="16_zoning_program/Zoning_2_9m_L/Designs and settings/Design 2/Span 9000/Zoning_Settings.txt" />
		<Unit filename="16_zoning_program/Zoning_2_9m_L/Designs and settings/Design 3/MS_Input.txt" />
		<Unit filename="16_zoning_program/Zoning_2_9m_L/Designs and settings/Design 3/Zoning_Settings.txt" />
		<Unit filename="16_zoning_program/Zoning_2_9m_L/Designs and settings/Design 4/MS_Input.txt" />
		<Unit filename="16_zoning_program/Zoning_2_9m_L/Designs and settings/Design 4/Zoning_Settings.txt" />
		<Unit filename="16_zoning_program/Zoning_2_9m_L/Designs and settings/Grammar_Settings.txt" />
		<Unit filename="16_zoning_program/Zoning_2_9m_L/MS_Input.txt" />
		<Unit filename="16_zoning_program/Zoning_2_9m_L/Makefile" />
		<Unit filename="16_zoning_program/Zoning_2_9m_L/Settings/Grammar_Settings.txt" />
		<Unit filename="16_zoning_program/Zoning_2_9m_L/Settings/SD_Settings.txt" />
		<Unit filename="16_zoning_program/Zoning_2_9m_L/Settings/Zoning_Settings.txt" />
		<Unit filename="16_zoning_program/Zoning_2_9m_L/main.cpp">
			<Option compile="0" />
			<Option link="0" />
		</Unit>
		<Unit filename="16_zoning_program/Zoning_2_9m_L/output.txt" />
		<Unit filename="16_zoning_program/Zoning_2_9m_L/zoning_grammar" />
		<Unit filename="16_zoning_program/Zoning_2_9m_S/Designs and settings/Design 1/MS_Input.txt" />
		<Unit filename="16_zoning_program/Zoning_2_9m_S/Designs and settings/Design 1/Zoning_Settings.txt" />
		<Unit filename="16_zoning_program/Zoning_2_9m_S/Designs and settings/Design 2/MS_Input.txt" />
		<Unit filename="16_zoning_program/Zoning_2_9m_S/Designs and settings/Design 2/Span 6000/Zoning_Settings.txt" />
		<Unit filename="16_zoning_program/Zoning_2_9m_S/Designs and settings/Design 2/Span 9000/Zoning_Settings.txt" />
		<Unit filename="16_zoning_program/Zoning_2_9m_S/Designs and settings/Design 3/MS_Input.txt" />
		<Unit filename="16_zoning_program/Zoning_2_9m_S/Designs and settings/Design 3/Zoning_Settings.txt" />
		<Unit filename="16_zoning_program/Zoning_2_9m_S/Designs and settings/Design 4/MS_Input.txt" />
		<Unit filename="16_zoning_program/Zoning_2_9m_S/Designs and settings/Design 4/Zoning_Settings.txt" />
		<Unit filename="16_zoning_program/Zoning_2_9m_S/Designs and settings/Grammar_Settings.txt" />
		<Unit filename="16_zoning_program/Zoning_2_9m_S/MS_Input.txt" />
		<Unit filename="16_zoning_program/Zoning_2_9m_S/Makefile" />
		<Unit filename="16_zoning_program/Zoning_2_9m_S/Settings/Grammar_Settings.txt" />
		<Unit filename="16_zoning_program/Zoning_2_9m_S/Settings/SD_Settings.txt" />
		<Unit filename="16_zoning_program/Zoning_2_9m_S/Settings/Zoning_Settings.txt" />
		<Unit filename="16_zoning_program/Zoning_2_9m_S/main.cpp">
			<Option compile="0" />
			<Option link="0" />
		</Unit>
		<Unit filename="16_zoning_program/Zoning_2_9m_S/output.txt" />
		<Unit filename="16_zoning_program/Zoning_2_9m_S/zoning_grammar" />
		<Unit filename="16_zoning_program/Zoning_2_9m_W/Designs and settings/Design 1/MS_Input.txt" />
		<Unit filename="16_zoning_program/Zoning_2_9m_W/Designs and settings/Design 1/Zoning_Settings.txt" />
		<Unit filename="16_zoning_program/Zoning_2_9m_W/Designs and settings/Design 2/MS_Input.txt" />
		<Unit filename="16_zoning_program/Zoning_2_9m_W/Designs and settings/Design 2/Span 6000/Zoning_Settings.txt" />
		<Unit filename="16_zoning_program/Zoning_2_9m_W/Designs and settings/Design 2/Span 9000/Zoning_Settings.txt" />
		<Unit filename="16_zoning_program/Zoning_2_9m_W/Designs and settings/Design 3/MS_Input.txt" />
		<Unit filename="16_zoning_program/Zoning_2_9m_W/Designs and settings/Design 3/Zoning_Settings.txt" />
		<Unit filename="16_zoning_program/Zoning_2_9m_W/Designs and settings/Design 4/MS_Input.txt" />
		<Unit filename="16_zoning_program/Zoning_2_9m_W/Designs and settings/Design 4/Zoning_Settings.txt" />
		<Unit filename="16_zoning_program/Zoning_2_9m_W/Designs and settings/Grammar_Settings.txt" />
		<Unit filename="16_zoning_program/Zoning_2_9m_W/MS_Input.txt" />
		<Unit filename="16_zoning_program/Zoning_2_9m_W/Makefile" />
		<Unit filename="16_zoning_program/Zoning_2_9m_W/Settings/Grammar_Settings.txt" />
		<Unit filename="16_zoning_program/Zoning_2_9m_W/Settings/SD_Settings.txt" />
		<Unit filename="16_zoning_program/Zoning_2_9m_W/Settings/Zoning_Settings.txt" />
		<Unit filename="16_zoning_program/Zoning_2_9m_W/main.cpp">
			<Option compile="0" />
			<Option link="0" />
		</Unit>
		<Unit filename="16_zoning_program/Zoning_2_9m_W/output.txt" />
		<Unit filename="16_zoning_program/Zoning_2_9m_W/zoning_grammar" />
		<Unit filename="16_zoning_program/Zoning_3_L/Designs and settings/Design 1/MS_Input.txt" />
		<Unit filename="16_zoning_program/Zoning_3_L/Designs and settings/Design 1/Zoning_Settings.txt" />
		<Unit filename="16_zoning_program/Zoning_3_L/Designs and settings/Design 2/MS_Input.txt" />
		<Unit filename="16_zoning_program/Zoning_3_L/Designs and settings/Design 2/Span 6000/Zoning_Settings.txt" />
		<Unit filename="16_zoning_program/Zoning_3_L/Designs and settings/Design 2/Span 9000/Zoning_Settings.txt" />
		<Unit filename="16_zoning_program/Zoning_3_L/Designs and settings/Design 3/MS_Input.txt" />
		<Unit filename="16_zoning_program/Zoning_3_L/Designs and settings/Design 3/Zoning_Settings.txt" />
		<Unit filename="16_zoning_program/Zoning_3_L/Designs and settings/Design 4/MS_Input.txt" />
		<Unit filename="16_zoning_program/Zoning_3_L/Designs and settings/Design 4/Zoning_Settings.txt" />
		<Unit filename="16_zoning_program/Zoning_3_L/Designs and settings/Grammar_Settings.txt" />
		<Unit filename="16_zoning_program/Zoning_3_L/MS_Input.txt" />
		<Unit filename="16_zoning_program/Zoning_3_L/Makefile" />
		<Unit filename="16_zoning_program/Zoning_3_L/Settings/Grammar_Settings.txt" />
		<Unit filename="16_zoning_program/Zoning_3_L/Settings/SD_Settings.txt" />
		<Unit filename="16_zoning_program/Zoning_3_L/Settings/Zoning_Settings.txt" />
		<Unit filename="16_zoning_program/Zoning_3_L/couter.txt" />
		<Unit filename="16_zoning_program/Zoning_3_L/main.cpp">
			<Option compile="0" />
			<Option link="0" />
		</Unit>
		<Unit filename="16_zoning_program/Zoning_3_L/output.txt" />
		<Unit filename="16_zoning_program/Zoning_3_L/zoning_grammar" />
		<Unit filename="16_zoning_program/Zoning_3_S/Designs and settings/Design 1/MS_Input.txt" />
		<Unit filename="16_zoning_program/Zoning_3_S/Designs and settings/Design 1/Zoning_Settings.txt" />
		<Unit filename="16_zoning_program/Zoning_3_S/Designs and settings/Design 2/MS_Input.txt" />
		<Unit filename="16_zoning_program/Zoning_3_S/Designs and settings/Design 2/Span 6000/Zoning_Settings.txt" />
		<Unit filename="16_zoning_program/Zoning_3_S/Designs and settings/Design 2/Span 9000/Zoning_Settings.txt" />
		<Unit filename="16_zoning_program/Zoning_3_S/Designs and settings/Design 3/MS_Input.txt" />
		<Unit filename="16_zoning_program/Zoning_3_S/Designs and settings/Design 3/Zoning_Settings.txt" />
		<Unit filename="16_zoning_program/Zoning_3_S/Designs and settings/Design 4/MS_Input.txt" />
		<Unit filename="16_zoning_program/Zoning_3_S/Designs and settings/Design 4/Zoning_Settings.txt" />
		<Unit filename="16_zoning_program/Zoning_3_S/Designs and settings/Grammar_Settings.txt" />
		<Unit filename="16_zoning_program/Zoning_3_S/MS_Input.txt" />
		<Unit filename="16_zoning_program/Zoning_3_S/Makefile" />
		<Unit filename="16_zoning_program/Zoning_3_S/Settings/Grammar_Settings.txt" />
		<Unit filename="16_zoning_program/Zoning_3_S/Settings/SD_Settings.txt" />
		<Unit filename="16_zoning_program/Zoning_3_S/Settings/Zoning_Settings.txt" />
		<Unit filename="16_zoning_program/Zoning_3_S/couter.txt" />
		<Unit filename="16_zoning_program/Zoning_3_S/main.cpp">
			<Option compile="0" />
			<Option link="0" />
		</Unit>
		<Unit filename="16_zoning_program/Zoning_3_S/output.txt" />
		<Unit filename="16_zoning_program/Zoning_3_S/zoning_grammar" />
		<Unit filename="16_zoning_program/Zoning_3_W/Designs and settings/Design 1/MS_Input.txt" />
		<Unit filename="16_zoning_program/Zoning_3_W/Designs and settings/Design 1/Zoning_Settings.txt" />
		<Unit filename="16_zoning_program/Zoning_3_W/Designs and settings/Design 2/MS_Input.txt" />
		<Unit filename="16_zoning_program/Zoning_3_W/Designs and settings/Design 2/Span 6000/Zoning_Settings.txt" />
		<Unit filename="16_zoning_program/Zoning_3_W/Designs and settings/Design 2/Span 9000/Zoning_Settings.txt" />
		<Unit filename="16_zoning_program/Zoning_3_W/Designs and settings/Design 3/MS_Input.txt" />
		<Unit filename="16_zoning_program/Zoning_3_W/Designs and settings/Design 3/Zoning_Settings.txt" />
		<Unit filename="16_zoning_program/Zoning_3_W/Designs and settings/Design 4/MS_Input.txt" />
		<Unit filename="16_zoning_program/Zoning_3_W/Designs and settings/Design 4/Zoning_Settings.txt" />
		<Unit filename="16_zoning_program/Zoning_3_W/Designs and settings/Grammar_Settings.txt" />
		<Unit filename="16_zoning_program/Zoning_3_W/MS_Input.txt" />
		<Unit filename="16_zoning_program/Zoning_3_W/Makefile" />
		<Unit filename="16_zoning_program/Zoning_3_W/Settings/Grammar_Settings.txt" />
		<Unit filename="16_zoning_program/Zoning_3_W/Settings/SD_Settings.txt" />
		<Unit filename="16_zoning_program/Zoning_3_W/Settings/Zoning_Settings.txt" />
		<Unit filename="16_zoning_program/Zoning_3_W/couter.txt" />
		<Unit filename="16_zoning_program/Zoning_3_W/main.cpp">
			<Option compile="0" />
			<Option link="0" />
		</Unit>
		<Unit filename="16_zoning_program/Zoning_3_W/output.txt" />
		<Unit filename="16_zoning_program/Zoning_3_W/zoning_grammar" />
		<Unit filename="16_zoning_program/Zoning_4_L/Designs and settings/Design 1/MS_Input.txt" />
		<Unit filename="16_zoning_program/Zoning_4_L/Designs and settings/Design 1/Zoning_Settings.txt" />
		<Unit filename="16_zoning_program/Zoning_4_L/Designs and settings/Design 2/MS_Input.txt" />
		<Unit filename="16_zoning_program/Zoning_4_L/Designs and settings/Design 2/Span 6000/Zoning_Settings.txt" />
		<Unit filename="16_zoning_program/Zoning_4_L/Designs and settings/Design 2/Span 9000/Zoning_Settings.txt" />
		<Unit filename="16_zoning_program/Zoning_4_L/Designs and settings/Design 3/MS_Input.txt" />
		<Unit filename="16_zoning_program/Zoning_4_L/Designs and settings/Design 3/Zoning_Settings.txt" />
		<Unit filename="16_zoning_program/Zoning_4_L/Designs and settings/Design 4/MS_Input.txt" />
		<Unit filename="16_zoning_program/Zoning_4_L/Designs and settings/Design 4/Zoning_Settings.txt" />
		<Unit filename="16_zoning_program/Zoning_4_L/Designs and settings/Grammar_Settings.txt" />
		<Unit filename="16_zoning_program/Zoning_4_L/MS_Input.txt" />
		<Unit filename="16_zoning_program/Zoning_4_L/Makefile" />
		<Unit filename="16_zoning_program/Zoning_4_L/Settings/Grammar_Settings.txt" />
		<Unit filename="16_zoning_program/Zoning_4_L/Settings/SD_Settings.txt" />
		<Unit filename="16_zoning_program/Zoning_4_L/Settings/Zoning_Settings.txt" />
		<Unit filename="16_zoning_program/Zoning_4_L/main.cpp">
			<Option compile="0" />
			<Option link="0" />
		</Unit>
		<Unit filename="16_zoning_program/Zoning_4_L/main.exe" />
		<Unit filename="16_zoning_program/Zoning_4_L/main.o" />
		<Unit filename="16_zoning_program/Zoning_4_L/output.txt" />
		<Unit filename="16_zoning_program/Zoning_4_L/zoning_grammar" />
		<Unit filename="16_zoning_program/Zoning_4_S/Designs and settings/Design 1/MS_Input.txt" />
		<Unit filename="16_zoning_program/Zoning_4_S/Designs and settings/Design 1/Zoning_Settings.txt" />
		<Unit filename="16_zoning_program/Zoning_4_S/Designs and settings/Design 2/MS_Input.txt" />
		<Unit filename="16_zoning_program/Zoning_4_S/Designs and settings/Design 2/Span 6000/Zoning_Settings.txt" />
		<Unit filename="16_zoning_program/Zoning_4_S/Designs and settings/Design 2/Span 9000/Zoning_Settings.txt" />
		<Unit filename="16_zoning_program/Zoning_4_S/Designs and settings/Design 3/MS_Input.txt" />
		<Unit filename="16_zoning_program/Zoning_4_S/Designs and settings/Design 3/Zoning_Settings.txt" />
		<Unit filename="16_zoning_program/Zoning_4_S/Designs and settings/Design 4/MS_Input.txt" />
		<Unit filename="16_zoning_program/Zoning_4_S/Designs and settings/Design 4/Zoning_Settings.txt" />
		<Unit filename="16_zoning_program/Zoning_4_S/Designs and settings/Grammar_Settings.txt" />
		<Unit filename="16_zoning_program/Zoning_4_S/MS_Input.txt" />
		<Unit filename="16_zoning_program/Zoning_4_S/Makefile" />
		<Unit filename="16_zoning_program/Zoning_4_S/Settings/Grammar_Settings.txt" />
		<Unit filename="16_zoning_program/Zoning_4_S/Settings/SD_Settings.txt" />
		<Unit filename="16_zoning_program/Zoning_4_S/Settings/Zoning_Settings.txt" />
		<Unit filename="16_zoning_program/Zoning_4_S/main.cpp">
			<Option compile="0" />
			<Option link="0" />
		</Unit>
		<Unit filename="16_zoning_program/Zoning_4_S/main.exe" />
		<Unit filename="16_zoning_program/Zoning_4_S/main.o" />
		<Unit filename="16_zoning_program/Zoning_4_S/output.txt" />
		<Unit filename="16_zoning_program/Zoning_4_S/zoning_grammar" />
		<Unit filename="16_zoning_program/Zoning_4_W/Designs and settings/Design 1/MS_Input.txt" />
		<Unit filename="16_zoning_program/Zoning_4_W/Designs and settings/Design 1/Zoning_Settings.txt" />
		<Unit filename="16_zoning_program/Zoning_4_W/Designs and settings/Design 2/MS_Input.txt" />
		<Unit filename="16_zoning_program/Zoning_4_W/Designs and settings/Design 2/Span 6000/Zoning_Settings.txt" />
		<Unit filename="16_zoning_program/Zoning_4_W/Designs and settings/Design 2/Span 9000/Zoning_Settings.txt" />
		<Unit filename="16_zoning_program/Zoning_4_W/Designs and settings/Design 3/MS_Input.txt" />
		<Unit filename="16_zoning_program/Zoning_4_W/Designs and settings/Design 3/Zoning_Settings.txt" />
		<Unit filename="16_zoning_program/Zoning_4_W/Designs and settings/Design 4/MS_Input.txt" />
		<Unit filename="16_zoning_program/Zoning_4_W/Designs and settings/Design 4/Zoning_Settings.txt" />
		<Unit filename="16_zoning_program/Zoning_4_W/Designs and settings/Grammar_Settings.txt" />
		<Unit filename="16_zoning_program/Zoning_4_W/MS_Input.txt" />
		<Unit filename="16_zoning_program/Zoning_4_W/Makefile" />
		<Unit filename="16_zoning_program/Zoning_4_W/Settings/Grammar_Settings.txt" />
		<Unit filename="16_zoning_program/Zoning_4_W/Settings/SD_Settings.txt" />
		<Unit filename="16_zoning_program/Zoning_4_W/Settings/Zoning_Settings.txt" />
		<Unit filename="16_zoning_program/Zoning_4_W/main.cpp">
			<Option compile="0" />
			<Option link="0" />
		</Unit>
		<Unit filename="16_zoning_program/Zoning_4_W/output.txt" />
		<Unit filename="16_zoning_program/Zoning_4_W/zoning_grammar" />
		<Unit filename="16_zoning_program/Zoning_example_try_making_changes_JH - Copy/Designs and settings/Design 1/MS_Input.txt" />
		<Unit filename="16_zoning_program/Zoning_example_try_making_changes_JH - Copy/Designs and settings/Design 1/Zoning_Settings.txt" />
		<Unit filename="16_zoning_program/Zoning_example_try_making_changes_JH - Copy/Designs and settings/Design 2/MS_Input.txt" />
		<Unit filename="16_zoning_program/Zoning_example_try_making_changes_JH - Copy/Designs and settings/Design 2/Span 6000/Zoning_Settings.txt" />
		<Unit filename="16_zoning_program/Zoning_example_try_making_changes_JH - Copy/Designs and settings/Design 2/Span 9000/Zoning_Settings.txt" />
		<Unit filename="16_zoning_program/Zoning_example_try_making_changes_JH - Copy/Designs and settings/Design 3/MS_Input.txt" />
		<Unit filename="16_zoning_program/Zoning_example_try_making_changes_JH - Copy/Designs and settings/Design 3/Zoning_Settings.txt" />
		<Unit filename="16_zoning_program/Zoning_example_try_making_changes_JH - Copy/Designs and settings/Design 4/MS_Input.txt" />
		<Unit filename="16_zoning_program/Zoning_example_try_making_changes_JH - Copy/Designs and settings/Design 4/Zoning_Settings.txt" />
		<Unit filename="16_zoning_program/Zoning_example_try_making_changes_JH - Copy/Designs and settings/Grammar_Settings.txt" />
		<Unit filename="16_zoning_program/Zoning_example_try_making_changes_JH - Copy/MS_Input.txt" />
		<Unit filename="16_zoning_program/Zoning_example_try_making_changes_JH - Copy/Makefile" />
		<Unit filename="16_zoning_program/Zoning_example_try_making_changes_JH - Copy/Settings/.DS_Store" />
		<Unit filename="16_zoning_program/Zoning_example_try_making_changes_JH - Copy/Settings/._.DS_Store" />
		<Unit filename="16_zoning_program/Zoning_example_try_making_changes_JH - Copy/Settings/._BP_Settings.txt" />
		<Unit filename="16_zoning_program/Zoning_example_try_making_changes_JH - Copy/Settings/._Grammar_Settings.txt" />
		<Unit filename="16_zoning_program/Zoning_example_try_making_changes_JH - Copy/Settings/._SD_Settings.txt" />
		<Unit filename="16_zoning_program/Zoning_example_try_making_changes_JH - Copy/Settings/._Zoning_Settings.txt" />
		<Unit filename="16_zoning_program/Zoning_example_try_making_changes_JH - Copy/Settings/._uurgeg_260_1981-1990.txt" />
		<Unit filename="16_zoning_program/Zoning_example_try_making_changes_JH - Copy/Settings/Grammar_Settings.txt" />
		<Unit filename="16_zoning_program/Zoning_example_try_making_changes_JH - Copy/Settings/SD_Settings.txt" />
		<Unit filename="16_zoning_program/Zoning_example_try_making_changes_JH - Copy/Settings/Zoning_Settings.txt" />
		<Unit filename="16_zoning_program/Zoning_example_try_making_changes_JH - Copy/libatomic-1.dll" />
		<Unit filename="16_zoning_program/Zoning_example_try_making_changes_JH - Copy/libgcc_s_seh-1.dll" />
		<Unit filename="16_zoning_program/Zoning_example_try_making_changes_JH - Copy/libgomp-1.dll" />
		<Unit filename="16_zoning_program/Zoning_example_try_making_changes_JH - Copy/libquadmath-0.dll" />
		<Unit filename="16_zoning_program/Zoning_example_try_making_changes_JH - Copy/libssp-0.dll" />
		<Unit filename="16_zoning_program/Zoning_example_try_making_changes_JH - Copy/libstdc++-6.dll" />
		<Unit filename="16_zoning_program/Zoning_example_try_making_changes_JH - Copy/libwinpthread-1.dll" />
		<Unit filename="16_zoning_program/Zoning_example_try_making_changes_JH - Copy/main.cpp">
			<Option compile="0" />
			<Option link="0" />
		</Unit>
		<Unit filename="16_zoning_program/Zoning_example_try_making_changes_JH - Copy/main.exe" />
		<Unit filename="16_zoning_program/Zoning_example_try_making_changes_JH - Copy/main.o" />
		<Unit filename="16_zoning_program/Zoning_example_try_making_changes_JH - Copy/output.txt" />
		<Unit filename="16_zoning_program/Zoning_example_try_making_changes_JH - Copy/zoning_grammar" />
		<Unit filename="16_zoning_program/Zoning_example_try_making_changes_JH/Designs and settings/Design 1/MS_Input.txt" />
		<Unit filename="16_zoning_program/Zoning_example_try_making_changes_JH/Designs and settings/Design 1/Zoning_Settings.txt" />
		<Unit filename="16_zoning_program/Zoning_example_try_making_changes_JH/Designs and settings/Design 2/MS_Input.txt" />
		<Unit filename="16_zoning_program/Zoning_example_try_making_changes_JH/Designs and settings/Design 2/Span 6000/Zoning_Settings.txt" />
		<Unit filename="16_zoning_program/Zoning_example_try_making_changes_JH/Designs and settings/Design 2/Span 9000/Zoning_Settings.txt" />
		<Unit filename="16_zoning_program/Zoning_example_try_making_changes_JH/Designs and settings/Design 3/MS_Input.txt" />
		<Unit filename="16_zoning_program/Zoning_example_try_making_changes_JH/Designs and settings/Design 3/Zoning_Settings.txt" />
		<Unit filename="16_zoning_program/Zoning_example_try_making_changes_JH/Designs and settings/Design 4/MS_Input.txt" />
		<Unit filename="16_zoning_program/Zoning_example_try_making_changes_JH/Designs and settings/Design 4/Zoning_Settings.txt" />
		<Unit filename="16_zoning_program/Zoning_example_try_making_changes_JH/Designs and settings/Grammar_Settings.txt" />
		<Unit filename="16_zoning_program/Zoning_example_try_making_changes_JH/MS_Input.txt" />
		<Unit filename="16_zoning_program/Zoning_example_try_making_changes_JH/Makefile" />
		<Unit filename="16_zoning_program/Zoning_example_try_making_changes_JH/Settings/.DS_Store" />
		<Unit filename="16_zoning_program/Zoning_example_try_making_changes_JH/Settings/._.DS_Store" />
		<Unit filename="16_zoning_program/Zoning_example_try_making_changes_JH/Settings/._BP_Settings.txt" />
		<Unit filename="16_zoning_program/Zoning_example_try_making_changes_JH/Settings/._Grammar_Settings.txt" />
		<Unit filename="16_zoning_program/Zoning_example_try_making_changes_JH/Settings/._SD_Settings.txt" />
		<Unit filename="16_zoning_program/Zoning_example_try_making_changes_JH/Settings/._Zoning_Settings.txt" />
		<Unit filename="16_zoning_program/Zoning_example_try_making_changes_JH/Settings/._uurgeg_260_1981-1990.txt" />
		<Unit filename="16_zoning_program/Zoning_example_try_making_changes_JH/Settings/Grammar_Settings.txt" />
		<Unit filename="16_zoning_program/Zoning_example_try_making_changes_JH/Settings/SD_Settings.txt" />
		<Unit filename="16_zoning_program/Zoning_example_try_making_changes_JH/Settings/Zoning_Settings.txt" />
		<Unit filename="16_zoning_program/Zoning_example_try_making_changes_JH/libatomic-1.dll" />
		<Unit filename="16_zoning_program/Zoning_example_try_making_changes_JH/libgcc_s_seh-1.dll" />
		<Unit filename="16_zoning_program/Zoning_example_try_making_changes_JH/libgomp-1.dll" />
		<Unit filename="16_zoning_program/Zoning_example_try_making_changes_JH/libquadmath-0.dll" />
		<Unit filename="16_zoning_program/Zoning_example_try_making_changes_JH/libssp-0.dll" />
		<Unit filename="16_zoning_program/Zoning_example_try_making_changes_JH/libstdc++-6.dll" />
		<Unit filename="16_zoning_program/Zoning_example_try_making_changes_JH/libwinpthread-1.dll" />
		<Unit filename="16_zoning_program/Zoning_example_try_making_changes_JH/main.cpp">
			<Option compile="0" />
			<Option link="0" />
		</Unit>
		<Unit filename="16_zoning_program/Zoning_example_try_making_changes_JH/main.exe" />
		<Unit filename="16_zoning_program/Zoning_example_try_making_changes_JH/main.o" />
		<Unit filename="16_zoning_program/Zoning_example_try_making_changes_JH/output.txt" />
		<Unit filename="16_zoning_program/Zoning_example_try_making_changes_JH/zoning_grammar" />
		<Unit filename="16_zoning_program/dennis_toolbox/BSO Toolbox/Changes.txt" />
		<Unit filename="16_zoning_program/dennis_toolbox/BSO Toolbox/How spaces are lost.txt" />
		<Unit filename="16_zoning_program/dennis_toolbox/BSO Toolbox/Planned_Updates.txt" />
		<Unit filename="16_zoning_program/dennis_toolbox/README" />
		<Unit filename="16_zoning_program/dennis_toolbox/nano.save" />
		<Unit filename="16_zoning_program/dennis_toolbox/nano.save.1" />
		<Unit filename="16_zoning_program/dennis_toolbox/nano.save.2" />
		<Unit filename="16_zoning_program/dennis_toolbox/nano.save.3" />
		<Unit filename="16_zoning_program/dennis_toolbox/nano.save.4" />
		<Unit filename="16_zoning_program/dennis_toolbox/nano.save.5" />
		<Unit filename="16_zoning_program/dennis_toolbox/nano.save.6" />
		<Unit filename="16_zoning_program/dennis_toolbox/nano.save.7" />
		<Unit filename="16_zoning_program/design_1.xlsx" />
		<Unit filename="16_zoning_program/design_2_6m.xlsx" />
		<Unit filename="16_zoning_program/design_2_9m.xlsx" />
		<Unit filename="16_zoning_program/design_3.xlsx" />
		<Unit filename="16_zoning_program/design_4.xlsx" />
		<Unit filename="16_zoning_program/output.txt" />
		<Unit filename="BSO grammars/AEI Grammar/Grammar_1.hpp" />
		<Unit filename="BSO grammars/AEI Grammar/Grammar_2.hpp" />
		<Unit filename="BSO grammars/AEI Grammar/Grammar_3.hpp" />
		<Unit filename="BSO grammars/AEI Grammar/Grammar_4.hpp" />
		<Unit filename="BSO grammars/AEI Grammar/Grammar_stabilize.hpp" />
		<Unit filename="BSO grammars/AEI Grammar/Grammar_zoning.hpp" />
		<Unit filename="BSO grammars/AEI Grammar/Grammar_zoning_stabilize.hpp" />
		<Unit filename="BSO grammars/BP_Rectangle_Rules.hpp" />
		<Unit filename="BSO grammars/BP_Space_Rules.hpp" />
		<Unit filename="BSO grammars/Read_BP_Settings.hpp" />
		<Unit filename="BSO grammars/Read_Grammar_Settings.hpp" />
		<Unit filename="BSO grammars/Read_SD_Settings.hpp" />
		<Unit filename="BSO grammars/Read_Stabilize_Settings.hpp" />
		<Unit filename="BSO grammars/Read_Zoning_Settings.hpp" />
		<Unit filename="BSO grammars/SD_Line_Rules(zoning).hpp" />
		<Unit filename="BSO grammars/SD_Line_Rules.hpp" />
		<Unit filename="BSO grammars/SD_Point_Rules.hpp" />
		<Unit filename="BSO grammars/SD_Rectangle_Rules.hpp" />
		<Unit filename="BSO grammars/SD_Settings.txt" />
		<Unit filename="BSO/Building_Physics/BP_Results.hpp" />
		<Unit filename="BSO/Building_Physics/BP_Simulation.cpp">
			<Option compile="0" />
			<Option link="0" />
		</Unit>
		<Unit filename="BSO/Building_Physics/BP_Simulation.hpp" />
		<Unit filename="BSO/Building_Physics/BP_Simulation_Vars.hpp" />
		<Unit filename="BSO/Building_Physics/Construction/BP_Construction.hpp" />
		<Unit filename="BSO/Building_Physics/States/BP_State.hpp" />
		<Unit filename="BSO/Building_Physics/States/Dep_States/BP_Dep_State.hpp" />
		<Unit filename="BSO/Building_Physics/States/Dep_States/BP_Floor.hpp" />
		<Unit filename="BSO/Building_Physics/States/Dep_States/BP_Space.hpp" />
		<Unit filename="BSO/Building_Physics/States/Dep_States/BP_Wall.hpp" />
		<Unit filename="BSO/Building_Physics/States/Dep_States/BP_window.hpp" />
		<Unit filename="BSO/Building_Physics/States/Indep_States/BP_Ground_profile.hpp" />
		<Unit filename="BSO/Building_Physics/States/Indep_States/BP_Indep_State.hpp" />
		<Unit filename="BSO/Building_Physics/States/Indep_States/BP_Weather_Profile.hpp" />
		<Unit filename="BSO/Clustering.hpp" />
		<Unit filename="BSO/Data.hpp" />
		<Unit filename="BSO/HBO/Building_Modification/Relocating.hpp" />
		<Unit filename="BSO/HBO/Building_Modification/Rescaling.hpp" />
		<Unit filename="BSO/HBO/Building_Modification/Sweeping.hpp" />
		<Unit filename="BSO/HBO/Feedback/Feedback.hpp" />
		<Unit filename="BSO/HBO/HBO_Settings.hpp" />
		<Unit filename="BSO/HBO/Performance_Evaluation/Aggregate_Performances.hpp" />
		<Unit filename="BSO/HBO/Performance_Evaluation/Building_Performances.hpp" />
		<Unit filename="BSO/HBO/Performance_Evaluation/Modify_Performances.hpp" />
		<Unit filename="BSO/HBO/Space_Selection/Space_Selection.hpp" />
		<Unit filename="BSO/Heuristics.hpp" />
		<Unit filename="BSO/Optimisation_Function.hpp" />
		<Unit filename="BSO/Pareto_Selection.hpp" />
		<Unit filename="BSO/Performance_Indexing.hpp" />
		<Unit filename="BSO/Spatial_Design/Conformation.hpp" />
		<Unit filename="BSO/Spatial_Design/Geometry/Cuboid.cpp">
			<Option compile="0" />
			<Option link="0" />
		</Unit>
		<Unit filename="BSO/Spatial_Design/Geometry/Cuboid.hpp" />
		<Unit filename="BSO/Spatial_Design/Geometry/Edge.cpp">
			<Option compile="0" />
			<Option link="0" />
		</Unit>
		<Unit filename="BSO/Spatial_Design/Geometry/Edge.hpp" />
		<Unit filename="BSO/Spatial_Design/Geometry/Geometry.hpp" />
		<Unit filename="BSO/Spatial_Design/Geometry/Line.cpp">
			<Option compile="0" />
			<Option link="0" />
		</Unit>
		<Unit filename="BSO/Spatial_Design/Geometry/Line.hpp" />
		<Unit filename="BSO/Spatial_Design/Geometry/Point.cpp">
			<Option compile="0" />
			<Option link="0" />
		</Unit>
		<Unit filename="BSO/Spatial_Design/Geometry/Point.hpp" />
		<Unit filename="BSO/Spatial_Design/Geometry/Rectangle.cpp">
			<Option compile="0" />
			<Option link="0" />
		</Unit>
		<Unit filename="BSO/Spatial_Design/Geometry/Rectangle.hpp" />
		<Unit filename="BSO/Spatial_Design/Geometry/Space.cpp">
			<Option compile="0" />
			<Option link="0" />
		</Unit>
		<Unit filename="BSO/Spatial_Design/Geometry/Space.hpp" />
		<Unit filename="BSO/Spatial_Design/Geometry/Surface.cpp">
			<Option compile="0" />
			<Option link="0" />
		</Unit>
		<Unit filename="BSO/Spatial_Design/Geometry/Surface.hpp" />
		<Unit filename="BSO/Spatial_Design/Geometry/Vertex.cpp">
			<Option compile="0" />
			<Option link="0" />
		</Unit>
		<Unit filename="BSO/Spatial_Design/Geometry/Vertex.hpp" />
		<Unit filename="BSO/Spatial_Design/Geometry/Vertex_Store.cpp">
			<Option compile="0" />
			<Option link="0" />
		</Unit>
		<Unit filename="BSO/Spatial_Design/Geometry/Vertex_Store.hpp" />
		<Unit filename="BSO/Spatial_Design/Movable_Sizable.hpp" />
		<Unit filename="BSO/Spatial_Design/Supercube.hpp" />
		<Unit filename="BSO/Spatial_Design/Zoning.cpp">
			<Option compile="0" />
			<Option link="0" />
		</Unit>
		<Unit filename="BSO/Spatial_Design/Zoning.hpp" />
		<Unit filename="BSO/Spatial_Design/Zoning/Zone.cpp">
			<Option compile="0" />
			<Option link="0" />
		</Unit>
		<Unit filename="BSO/Spatial_Design/Zoning/Zone.hpp" />
		<Unit filename="BSO/Structural_Design/Analysis_Tools/FEA.hpp" />
		<Unit filename="BSO/Structural_Design/Analysis_Tools/SD_Props_Vars.hpp" />
		<Unit filename="BSO/Structural_Design/Components/Beam_Comp.hpp" />
		<Unit filename="BSO/Structural_Design/Components/Component.hpp" />
		<Unit filename="BSO/Structural_Design/Components/Constraint.hpp" />
		<Unit filename="BSO/Structural_Design/Components/Flat_Shell_Comp.hpp" />
		<Unit filename="BSO/Structural_Design/Components/Load.hpp" />
		<Unit filename="BSO/Structural_Design/Components/Load_Comp.hpp" />
		<Unit filename="BSO/Structural_Design/Components/Point_Comp.hpp" />
		<Unit filename="BSO/Structural_Design/Components/Truss_Comp.hpp" />
		<Unit filename="BSO/Structural_Design/Elements/Beam_Ele.hpp" />
		<Unit filename="BSO/Structural_Design/Elements/Element.hpp" />
		<Unit filename="BSO/Structural_Design/Elements/Flat_Shell_Ele.hpp" />
		<Unit filename="BSO/Structural_Design/Elements/Hexahedron_Ele.hpp" />
		<Unit filename="BSO/Structural_Design/Elements/Node_Ele.hpp" />
		<Unit filename="BSO/Structural_Design/Elements/Truss_Ele.hpp" />
		<Unit filename="BSO/Structural_Design/SD_Analysis.cpp">
			<Option compile="0" />
			<Option link="0" />
		</Unit>
		<Unit filename="BSO/Structural_Design/SD_Analysis.hpp" />
		<Unit filename="BSO/Structural_Design/SD_Results.hpp" />
		<Unit filename="BSO/Structural_Design/Stabilization/Grid.hpp" />
		<Unit filename="BSO/Structural_Design/Stabilization/Stabilize.hpp" />
		<Unit filename="BSO/Structural_Design/Topology_Optimisation/topopt_SIMP.hpp" />
		<Unit filename="BSO/Structural_Design/Topology_Optimisation/topopt_SIMP_Diff_Elements.hpp" />
		<Unit filename="BSO/Structural_Design/Topology_Optimisation/topopt_SIMP_old.hpp" />
		<Unit filename="BSO/Structural_Design/Topology_Optimisation/topopt_SIMP_old2.hpp" />
		<Unit filename="BSO/Structural_Design/Topology_Optimisation/topopt_robust.hpp" />
		<Unit filename="BSO/Trim_And_Cast.hpp" />
		<Unit filename="BSO/Vectors.hpp" />
		<Unit filename="BSO/Visualisation/BSP_Module/BP_Construction.hpp" />
		<Unit filename="BSO/Visualisation/BSP_Module/BSP.hpp" />
		<Unit filename="BSO/Visualisation/BSP_Module/BSP.hpp~" />
		<Unit filename="BSO/Visualisation/Model_Module/BP_Model.hpp" />
		<Unit filename="BSO/Visualisation/Model_Module/Conformal_Model.hpp" />
		<Unit filename="BSO/Visualisation/Model_Module/MS_Model.hpp" />
		<Unit filename="BSO/Visualisation/Model_Module/Model.hpp" />
		<Unit filename="BSO/Visualisation/Model_Module/SC_Model.hpp" />
		<Unit filename="BSO/Visualisation/Model_Module/SD_Model.hpp" />
		<Unit filename="BSO/Visualisation/Model_Module/Stabilization_Model.hpp" />
		<Unit filename="BSO/Visualisation/Model_Module/Zoning_Model.hpp" />
		<Unit filename="BSO/Visualisation/UI_Module/Viewport.hpp" />
		<Unit filename="BSO/Visualisation/UI_Module/Viewport.hpp~" />
		<Unit filename="BSO/Visualisation/UI_Module/Viewportmanager.hpp" />
		<Unit filename="BSO/Visualisation/UI_Module/Viewportmanager.hpp~" />
		<Unit filename="BSO/Visualisation/Utility_Module/Aabbox.hpp" />
		<Unit filename="BSO/Visualisation/Utility_Module/Camera.hpp" />
		<Unit filename="BSO/Visualisation/Utility_Module/Camera.hpp~" />
		<Unit filename="BSO/Visualisation/Utility_Module/Datatypes.hpp" />
		<Unit filename="BSO/Visualisation/Utility_Module/Datatypes.hpp~" />
		<Unit filename="BSO/Visualisation/Utility_Module/Mat4.hpp" />
		<Unit filename="BSO/Visualisation/Utility_Module/Mat4.hpp~" />
		<Unit filename="BSO/Visualisation/Utility_Module/Objects.hpp" />
		<Unit filename="BSO/Visualisation/Utility_Module/Objects.hpp~" />
		<Unit filename="BSO/Visualisation/Utility_Module/Vect3.hpp" />
		<Unit filename="BSO/Visualisation/Utility_Module/Vect4.hpp" />
		<Unit filename="BSO/Visualisation/Utility_Module/Vertex_Store.hpp" />
		<Unit filename="BSO/Visualisation/Utility_Module/Vertex_Store.hpp~" />
		<Unit filename="BSO/Visualisation/Visualisation.hpp" />
		<Unit filename="BSO/XML/XML_Model.cpp">
			<Option compile="0" />
			<Option link="0" />
		</Unit>
		<Unit filename="BSO/XML/XML_Model.hpp" />
		<Unit filename="BSO/XML/XML_Vector_Translator.hpp" />
		<Unit filename="GUI/GUI_Janneke - Copy.cpp">
			<Option compile="0" />
			<Option link="0" />
		</Unit>
		<Unit filename="GUI/GUI_Janneke.cpp">
			<Option compile="0" />
			<Option link="0" />
		</Unit>
		<Extensions>
			<lib_finder disable_auto="1" />
		</Extensions>
	</Project>
</CodeBlocks_project_file>
